// !$*UTF8*$!
{
	archiveVersion = 1;
	classes = {
	};
	objectVersion = 46;
	objects = {

/* Begin PBXBuildFile section */
		0239B55C168BB0F4008B8AD6 /* RFQuiltLayout.m in Sources */ = {isa = PBXBuildFile; fileRef = 0239B55B168BB0F4008B8AD6 /* RFQuiltLayout.m */; };
		026492D616D3628600992E42 /* CoreGraphics.framework in Frameworks */ = {isa = PBXBuildFile; fileRef = 026492D516D3628600992E42 /* CoreGraphics.framework */; };
		02E25B07168B74B0009CA089 /* UIKit.framework in Frameworks */ = {isa = PBXBuildFile; fileRef = 02E25B06168B74B0009CA089 /* UIKit.framework */; };
		02E25B09168B74B0009CA089 /* Foundation.framework in Frameworks */ = {isa = PBXBuildFile; fileRef = 02E25B08168B74B0009CA089 /* Foundation.framework */; };
		02E25B11168B74B0009CA089 /* InfoPlist.strings in Resources */ = {isa = PBXBuildFile; fileRef = 02E25B0F168B74B0009CA089 /* InfoPlist.strings */; };
		02E25B13168B74B0009CA089 /* main.m in Sources */ = {isa = PBXBuildFile; fileRef = 02E25B12168B74B0009CA089 /* main.m */; };
		02E25B17168B74B0009CA089 /* WaratahsAppDelegate.m in Sources */ = {isa = PBXBuildFile; fileRef = 02E25B16168B74B0009CA089 /* WaratahsAppDelegate.m */; };
		02E25B19168B74B0009CA089 /* Default.png in Resources */ = {isa = PBXBuildFile; fileRef = 02E25B18168B74B0009CA089 /* Default.png */; };
		02E25B1B168B74B0009CA089 /* Default@2x.png in Resources */ = {isa = PBXBuildFile; fileRef = 02E25B1A168B74B0009CA089 /* Default@2x.png */; };
		02E25B1D168B74B0009CA089 /* Default-568h@2x.png in Resources */ = {isa = PBXBuildFile; fileRef = 02E25B1C168B74B0009CA089 /* Default-568h@2x.png */; };
		02E25B20168B74B0009CA089 /* PlayerProfileViewController.m in Sources */ = {isa = PBXBuildFile; fileRef = 02E25B1F168B74B0009CA089 /* PlayerProfileViewController.m */; };
		02E25B23168B74B0009CA089 /* PlayerProfileViewController.xib in Resources */ = {isa = PBXBuildFile; fileRef = 02E25B21168B74B0009CA089 /* PlayerProfileViewController.xib */; };
		4986E711275F49DEBC435215 /* libPods.a in Frameworks */ = {isa = PBXBuildFile; fileRef = 802C3D7354E4481C9CAFC53E /* libPods.a */; settings = {ATTRIBUTES = (Required, ); }; };
		7F70B45119B9A26500FDA1E6 /* Jacques_Potgieter_profile.png in Resources */ = {isa = PBXBuildFile; fileRef = 7F70B43319B9A26500FDA1E6 /* Jacques_Potgieter_profile.png */; };
		7F70B45219B9A26500FDA1E6 /* Rob_Horne_profile.png in Resources */ = {isa = PBXBuildFile; fileRef = 7F70B43419B9A26500FDA1E6 /* Rob_Horne_profile.png */; };
		7F70B45319B9A26500FDA1E6 /* Stephen_Holies_profile.png in Resources */ = {isa = PBXBuildFile; fileRef = 7F70B43519B9A26500FDA1E6 /* Stephen_Holies_profile.png */; };
		7F70B45519B9A26500FDA1E6 /* Adam_Ashley-Cooper_profile.png in Resources */ = {isa = PBXBuildFile; fileRef = 7F70B43719B9A26500FDA1E6 /* Adam_Ashley-Cooper_profile.png */; };
		7F70B45619B9A26500FDA1E6 /* Benn_Robinson_profile.png in Resources */ = {isa = PBXBuildFile; fileRef = 7F70B43819B9A26500FDA1E6 /* Benn_Robinson_profile.png */; };
		7F70B45719B9A26500FDA1E6 /* Bernard_Foley_profile.png in Resources */ = {isa = PBXBuildFile; fileRef = 7F70B43919B9A26500FDA1E6 /* Bernard_Foley_profile.png */; };
		7F70B45819B9A26500FDA1E6 /* Nick_Phipps_profile.png in Resources */ = {isa = PBXBuildFile; fileRef = 7F70B43A19B9A26500FDA1E6 /* Nick_Phipps_profile.png */; };
		7F70B45919B9A26500FDA1E6 /* Alofa_Alofa_profile.png in Resources */ = {isa = PBXBuildFile; fileRef = 7F70B43B19B9A26500FDA1E6 /* Alofa_Alofa_profile.png */; };
		7F70B45A19B9A26500FDA1E6 /* Kane_Douglas_profile.png in Resources */ = {isa = PBXBuildFile; fileRef = 7F70B43C19B9A26500FDA1E6 /* Kane_Douglas_profile.png */; };
		7F70B45B19B9A26500FDA1E6 /* Kurtley_Beale_profile.png in Resources */ = {isa = PBXBuildFile; fileRef = 7F70B43D19B9A26500FDA1E6 /* Kurtley_Beale_profile.png */; };
		7F70B45C19B9A26500FDA1E6 /* Tatafu_Polota_Nau_profile.png in Resources */ = {isa = PBXBuildFile; fileRef = 7F70B43E19B9A26500FDA1E6 /* Tatafu_Polota_Nau_profile.png */; };
		7F70B45D19B9A26500FDA1E6 /* Israel_Folau_profile.png in Resources */ = {isa = PBXBuildFile; fileRef = 7F70B43F19B9A26500FDA1E6 /* Israel_Folau_profile.png */; };
		7F70B45E19B9A26500FDA1E6 /* Michael_Hooper_profile.png in Resources */ = {isa = PBXBuildFile; fileRef = 7F70B44019B9A26500FDA1E6 /* Michael_Hooper_profile.png */; };
		7F70B45F19B9A26500FDA1E6 /* Sekope_Kepu_profile.png in Resources */ = {isa = PBXBuildFile; fileRef = 7F70B44119B9A26500FDA1E6 /* Sekope_Kepu_profile.png */; };
		7F70B46019B9A26500FDA1E6 /* Jacques_Potgieter.png in Resources */ = {isa = PBXBuildFile; fileRef = 7F70B44219B9A26500FDA1E6 /* Jacques_Potgieter.png */; };
		7F70B46119B9A26500FDA1E6 /* Wycliff_Paul.png in Resources */ = {isa = PBXBuildFile; fileRef = 7F70B44319B9A26500FDA1E6 /* Wycliff_Paul.png */; };
		7F70B46219B9A26500FDA1E6 /* Nick_Phipps.png in Resources */ = {isa = PBXBuildFile; fileRef = 7F70B44419B9A26500FDA1E6 /* Nick_Phipps.png */; };
		7F70B46319B9A26500FDA1E6 /* Rob_Horne.png in Resources */ = {isa = PBXBuildFile; fileRef = 7F70B44519B9A26500FDA1E6 /* Rob_Horne.png */; };
		7F70B46419B9A26500FDA1E6 /* Stephen_Holies.png in Resources */ = {isa = PBXBuildFile; fileRef = 7F70B44619B9A26500FDA1E6 /* Stephen_Holies.png */; };
		7F70B46519B9A26500FDA1E6 /* Adam_Ashley-Cooper.png in Resources */ = {isa = PBXBuildFile; fileRef = 7F70B44719B9A26500FDA1E6 /* Adam_Ashley-Cooper.png */; };
		7F70B46619B9A26500FDA1E6 /* Benn_Robinson.png in Resources */ = {isa = PBXBuildFile; fileRef = 7F70B44819B9A26500FDA1E6 /* Benn_Robinson.png */; };
		7F70B46719B9A26500FDA1E6 /* Bernard_Foley.png in Resources */ = {isa = PBXBuildFile; fileRef = 7F70B44919B9A26500FDA1E6 /* Bernard_Foley.png */; };
		7F70B46819B9A26500FDA1E6 /* Alofa_Alofa.png in Resources */ = {isa = PBXBuildFile; fileRef = 7F70B44A19B9A26500FDA1E6 /* Alofa_Alofa.png */; };
		7F70B46919B9A26500FDA1E6 /* Kane_Douglas.png in Resources */ = {isa = PBXBuildFile; fileRef = 7F70B44B19B9A26500FDA1E6 /* Kane_Douglas.png */; };
		7F70B46A19B9A26500FDA1E6 /* Tatafu_Polota_Nau.png in Resources */ = {isa = PBXBuildFile; fileRef = 7F70B44C19B9A26500FDA1E6 /* Tatafu_Polota_Nau.png */; };
		7F70B46B19B9A26500FDA1E6 /* Israel_Folau.png in Resources */ = {isa = PBXBuildFile; fileRef = 7F70B44D19B9A26500FDA1E6 /* Israel_Folau.png */; };
		7F70B46C19B9A26500FDA1E6 /* Kurtley_Beale.png in Resources */ = {isa = PBXBuildFile; fileRef = 7F70B44E19B9A26500FDA1E6 /* Kurtley_Beale.png */; };
		7F70B46D19B9A26500FDA1E6 /* Sekope_Kepu.png in Resources */ = {isa = PBXBuildFile; fileRef = 7F70B44F19B9A26500FDA1E6 /* Sekope_Kepu.png */; };
		7F70B46E19B9A26500FDA1E6 /* Michael_Hooper.png in Resources */ = {isa = PBXBuildFile; fileRef = 7F70B45019B9A26500FDA1E6 /* Michael_Hooper.png */; };
		7F8F80CC19C66CCF005AC35D /* Wycliff_Palu.png in Resources */ = {isa = PBXBuildFile; fileRef = 7F8F80CB19C66CCF005AC35D /* Wycliff_Palu.png */; };
		7F8F80CE19C66CF8005AC35D /* Wycliff_Palu_profile.png in Resources */ = {isa = PBXBuildFile; fileRef = 7F8F80CD19C66CF8005AC35D /* Wycliff_Palu_profile.png */; };
		AC17201918B1AD3400A0274F /* PlayerDetailViewController.m in Sources */ = {isa = PBXBuildFile; fileRef = AC17201718B1AD3400A0274F /* PlayerDetailViewController.m */; };
		AC17201A18B1AD3400A0274F /* PlayerDetailViewController.xib in Resources */ = {isa = PBXBuildFile; fileRef = AC17201818B1AD3400A0274F /* PlayerDetailViewController.xib */; };
		AC17204018B2DE0D00A0274F /* Model.m in Sources */ = {isa = PBXBuildFile; fileRef = AC17203D18B2DE0D00A0274F /* Model.m */; };
		AC17204118B2DE0D00A0274F /* ModelItems.m in Sources */ = {isa = PBXBuildFile; fileRef = AC17203F18B2DE0D00A0274F /* ModelItems.m */; };
		AC17204418B2DE1500A0274F /* DataModel.m in Sources */ = {isa = PBXBuildFile; fileRef = AC17204318B2DE1500A0274F /* DataModel.m */; };
		AC17204918B2DF6900A0274F /* Player.m in Sources */ = {isa = PBXBuildFile; fileRef = AC17204818B2DF6900A0274F /* Player.m */; };
		AC17204C18B2DFFC00A0274F /* PlayerItems.m in Sources */ = {isa = PBXBuildFile; fileRef = AC17204B18B2DFFC00A0274F /* PlayerItems.m */; };
		AC17204F18B2E6AA00A0274F /* Utilities.m in Sources */ = {isa = PBXBuildFile; fileRef = AC17204E18B2E6AA00A0274F /* Utilities.m */; };
		AC17205218B3200000A0274F /* PlayerSearchCell.m in Sources */ = {isa = PBXBuildFile; fileRef = AC17205118B3200000A0274F /* PlayerSearchCell.m */; };
		AC17207818B41C2B00A0274F /* background.png in Resources */ = {isa = PBXBuildFile; fileRef = AC17205618B41C2B00A0274F /* background.png */; };
		AC17207918B41C2B00A0274F /* btn-change-risk.png in Resources */ = {isa = PBXBuildFile; fileRef = AC17205718B41C2B00A0274F /* btn-change-risk.png */; };
		AC17207A18B41C2B00A0274F /* btn-close.png in Resources */ = {isa = PBXBuildFile; fileRef = AC17205818B41C2B00A0274F /* btn-close.png */; };
		AC17207B18B41C2B00A0274F /* btn-overview.png in Resources */ = {isa = PBXBuildFile; fileRef = AC17205918B41C2B00A0274F /* btn-overview.png */; };
		AC17207C18B41C2B00A0274F /* btn-team-stats-close.png in Resources */ = {isa = PBXBuildFile; fileRef = AC17205A18B41C2B00A0274F /* btn-team-stats-close.png */; };
		AC17207D18B41C2B00A0274F /* btn-team-stats-open.png in Resources */ = {isa = PBXBuildFile; fileRef = AC17205B18B41C2B00A0274F /* btn-team-stats-open.png */; };
		AC17207E18B41C2B00A0274F /* change-risk-bg.png in Resources */ = {isa = PBXBuildFile; fileRef = AC17205C18B41C2B00A0274F /* change-risk-bg.png */; };
		AC17207F18B41C2B00A0274F /* change-risk-indicator.png in Resources */ = {isa = PBXBuildFile; fileRef = AC17205D18B41C2B00A0274F /* change-risk-indicator.png */; };
		AC17208118B41C2B00A0274F /* icon-triangle-down-green.png in Resources */ = {isa = PBXBuildFile; fileRef = AC17205F18B41C2B00A0274F /* icon-triangle-down-green.png */; };
		AC17208218B41C2B00A0274F /* icon-triangle-dropdown-blue.png in Resources */ = {isa = PBXBuildFile; fileRef = AC17206018B41C2B00A0274F /* icon-triangle-dropdown-blue.png */; };
		AC17208318B41C2B00A0274F /* icon-triangle-up-red.png in Resources */ = {isa = PBXBuildFile; fileRef = AC17206118B41C2B00A0274F /* icon-triangle-up-red.png */; };
		AC17208418B41C2B00A0274F /* icons-fit-green.png in Resources */ = {isa = PBXBuildFile; fileRef = AC17206218B41C2B00A0274F /* icons-fit-green.png */; };
		AC17208518B41C2B00A0274F /* icons-fit-orange.png in Resources */ = {isa = PBXBuildFile; fileRef = AC17206318B41C2B00A0274F /* icons-fit-orange.png */; };
		AC17208618B41C2B00A0274F /* icons-fit-red.png in Resources */ = {isa = PBXBuildFile; fileRef = AC17206418B41C2B00A0274F /* icons-fit-red.png */; };
		AC17208718B41C2B00A0274F /* icons-fit.png in Resources */ = {isa = PBXBuildFile; fileRef = AC17206518B41C2B00A0274F /* icons-fit.png */; };
		AC17208818B41C2B00A0274F /* icons-risk-green.png in Resources */ = {isa = PBXBuildFile; fileRef = AC17206618B41C2B00A0274F /* icons-risk-green.png */; };
		AC17208918B41C2B00A0274F /* icons-risk-orange.png in Resources */ = {isa = PBXBuildFile; fileRef = AC17206718B41C2B00A0274F /* icons-risk-orange.png */; };
		AC17208A18B41C2B00A0274F /* icons-risk-red.png in Resources */ = {isa = PBXBuildFile; fileRef = AC17206818B41C2B00A0274F /* icons-risk-red.png */; };
		AC17208B18B41C2B00A0274F /* icons-risk.png in Resources */ = {isa = PBXBuildFile; fileRef = AC17206918B41C2B00A0274F /* icons-risk.png */; };
		AC17208C18B41C2B00A0274F /* icons-well-green.png in Resources */ = {isa = PBXBuildFile; fileRef = AC17206A18B41C2B00A0274F /* icons-well-green.png */; };
		AC17208D18B41C2B00A0274F /* icons-well-orange.png in Resources */ = {isa = PBXBuildFile; fileRef = AC17206B18B41C2B00A0274F /* icons-well-orange.png */; };
		AC17208E18B41C2B00A0274F /* icons-well-red.png in Resources */ = {isa = PBXBuildFile; fileRef = AC17206C18B41C2B00A0274F /* icons-well-red.png */; };
		AC17208F18B41C2B00A0274F /* icons-well.png in Resources */ = {isa = PBXBuildFile; fileRef = AC17206D18B41C2B00A0274F /* icons-well.png */; };
		AC17209018B41C2B00A0274F /* player-risk-box.png in Resources */ = {isa = PBXBuildFile; fileRef = AC17206E18B41C2B00A0274F /* player-risk-box.png */; };
		AC17209118B41C2B00A0274F /* player-search-box.png in Resources */ = {isa = PBXBuildFile; fileRef = AC17206F18B41C2B00A0274F /* player-search-box.png */; };
		AC17209218B41C2B00A0274F /* stats1.png in Resources */ = {isa = PBXBuildFile; fileRef = AC17207018B41C2B00A0274F /* stats1.png */; };
		AC17209318B41C2B00A0274F /* stats2.png in Resources */ = {isa = PBXBuildFile; fileRef = AC17207118B41C2B00A0274F /* stats2.png */; };
		AC17209418B41C2B00A0274F /* stats3.png in Resources */ = {isa = PBXBuildFile; fileRef = AC17207218B41C2B00A0274F /* stats3.png */; };
		AC17209518B41C2B00A0274F /* stats4.png in Resources */ = {isa = PBXBuildFile; fileRef = AC17207318B41C2B00A0274F /* stats4.png */; };
		AC17209618B41C2B00A0274F /* stats5.png in Resources */ = {isa = PBXBuildFile; fileRef = AC17207418B41C2B00A0274F /* stats5.png */; };
		AC17209718B41C2B00A0274F /* tabs-fit.png in Resources */ = {isa = PBXBuildFile; fileRef = AC17207518B41C2B00A0274F /* tabs-fit.png */; };
		AC17209818B41C2B00A0274F /* tabs-risk.png in Resources */ = {isa = PBXBuildFile; fileRef = AC17207618B41C2B00A0274F /* tabs-risk.png */; };
		AC17209918B41C2B00A0274F /* tabs-well.png in Resources */ = {isa = PBXBuildFile; fileRef = AC17207718B41C2B00A0274F /* tabs-well.png */; };
		AC17209B18B46EA400A0274F /* header.png in Resources */ = {isa = PBXBuildFile; fileRef = AC17209A18B46EA400A0274F /* header.png */; };
		AC1720BD18B572E200A0274F /* UIView+drawLines.m in Sources */ = {isa = PBXBuildFile; fileRef = AC1720BC18B572E200A0274F /* UIView+drawLines.m */; };
		AC1720C018B5787A00A0274F /* TabBarView.m in Sources */ = {isa = PBXBuildFile; fileRef = AC1720BF18B5787A00A0274F /* TabBarView.m */; };
		AC1720C318B587D600A0274F /* tab-selected.png in Resources */ = {isa = PBXBuildFile; fileRef = AC1720C118B587D600A0274F /* tab-selected.png */; };
		AC1720C418B587D600A0274F /* tab-unselected.png in Resources */ = {isa = PBXBuildFile; fileRef = AC1720C218B587D600A0274F /* tab-unselected.png */; };
		AC1720C718B5966800A0274F /* FitnessView.m in Sources */ = {isa = PBXBuildFile; fileRef = AC1720C618B5966800A0274F /* FitnessView.m */; };
		AC1720C918B5967A00A0274F /* FitnessView.xib in Resources */ = {isa = PBXBuildFile; fileRef = AC1720C818B5967A00A0274F /* FitnessView.xib */; };
		AC1720CB18B5B01100A0274F /* RiskView.xib in Resources */ = {isa = PBXBuildFile; fileRef = AC1720CA18B5B01100A0274F /* RiskView.xib */; };
		AC1720CE18B5B03B00A0274F /* RiskView.m in Sources */ = {isa = PBXBuildFile; fileRef = AC1720CD18B5B03B00A0274F /* RiskView.m */; };
		AC1720D518B6F58B00A0274F /* Wellness.m in Sources */ = {isa = PBXBuildFile; fileRef = AC1720D418B6F58B00A0274F /* Wellness.m */; };
		AC1720D818B6F70C00A0274F /* WellnessPlayers.m in Sources */ = {isa = PBXBuildFile; fileRef = AC1720D718B6F70C00A0274F /* WellnessPlayers.m */; };
		AC1720DA18B7026A00A0274F /* Wellness.json in Resources */ = {isa = PBXBuildFile; fileRef = AC1720D918B7026A00A0274F /* Wellness.json */; };
		AC1720DD18B7135300A0274F /* WellnessView.m in Sources */ = {isa = PBXBuildFile; fileRef = AC1720DC18B7135300A0274F /* WellnessView.m */; };
		AC1720DF18B7136800A0274F /* WellnessView.xib in Resources */ = {isa = PBXBuildFile; fileRef = AC1720DE18B7136800A0274F /* WellnessView.xib */; };
		AC1720E318B7170200A0274F /* player-bg-bottom.png in Resources */ = {isa = PBXBuildFile; fileRef = AC1720E018B7170200A0274F /* player-bg-bottom.png */; };
		AC1720E418B7170200A0274F /* player-bg-top.png in Resources */ = {isa = PBXBuildFile; fileRef = AC1720E118B7170200A0274F /* player-bg-top.png */; };
		AC1720E518B7170200A0274F /* player-indicator-container.png in Resources */ = {isa = PBXBuildFile; fileRef = AC1720E218B7170200A0274F /* player-indicator-container.png */; };
		AC29EF151BA7B4FA005406DA /* zurich-cn-bt-bold.ttf in Resources */ = {isa = PBXBuildFile; fileRef = AC29EF131BA7B4FA005406DA /* zurich-cn-bt-bold.ttf */; };
		AC29EF161BA7B4FA005406DA /* Zurich__Condensed_BT.ttf in Resources */ = {isa = PBXBuildFile; fileRef = AC29EF141BA7B4FA005406DA /* Zurich__Condensed_BT.ttf */; };
		AC29EF181BA7DD59005406DA /* SoldierProfile.json in Resources */ = {isa = PBXBuildFile; fileRef = AC29EF171BA7DD59005406DA /* SoldierProfile.json */; };
		AC29EF1C1BA7F598005406DA /* PlayerSearchCell.xib in Resources */ = {isa = PBXBuildFile; fileRef = AC29EF1B1BA7F598005406DA /* PlayerSearchCell.xib */; };
		AC76770218AC6F1A00664E8C /* PlayerProfileCollectionCell.m in Sources */ = {isa = PBXBuildFile; fileRef = AC76770118AC6F1A00664E8C /* PlayerProfileCollectionCell.m */; };
		AC76770618AC6F9400664E8C /* PlayerProfileCollectionCell.xib in Resources */ = {isa = PBXBuildFile; fileRef = AC76770518AC6F9400664E8C /* PlayerProfileCollectionCell.xib */; };
		AC76770A18AC71FA00664E8C /* Player.png in Resources */ = {isa = PBXBuildFile; fileRef = AC76770918AC71FA00664E8C /* Player.png */; };
		AC76771018AC856800664E8C /* PlayerData.json in Resources */ = {isa = PBXBuildFile; fileRef = AC76770F18AC856800664E8C /* PlayerData.json */; };
		AC76771218AC85B600664E8C /* PlayerProfile.csv in Resources */ = {isa = PBXBuildFile; fileRef = AC76771118AC85B600664E8C /* PlayerProfile.csv */; };
		AC76771418AC891E00664E8C /* PlayerProfile.json in Resources */ = {isa = PBXBuildFile; fileRef = AC76771318AC891E00664E8C /* PlayerProfile.json */; };
		AC76771618AD974000664E8C /* Options.plist in Resources */ = {isa = PBXBuildFile; fileRef = AC76771518AD974000664E8C /* Options.plist */; };
		AC76771B18ADC0AB00664E8C /* TeamStatsViewController.m in Sources */ = {isa = PBXBuildFile; fileRef = AC76771918ADC0AB00664E8C /* TeamStatsViewController.m */; };
		AC76771C18ADC0AB00664E8C /* TeamStatsViewController.xib in Resources */ = {isa = PBXBuildFile; fileRef = AC76771A18ADC0AB00664E8C /* TeamStatsViewController.xib */; };
		AC99E7DD18BD93B9009B9DBD /* RFGraphCollectionView.m in Sources */ = {isa = PBXBuildFile; fileRef = AC99E7DA18BD93B9009B9DBD /* RFGraphCollectionView.m */; };
		AC99E7DE18BD93B9009B9DBD /* RFGraphsCell.m in Sources */ = {isa = PBXBuildFile; fileRef = AC99E7DC18BD93B9009B9DBD /* RFGraphsCell.m */; };
		AC99E7E218BD9432009B9DBD /* GraphCollectionCell.m in Sources */ = {isa = PBXBuildFile; fileRef = AC99E7E018BD9432009B9DBD /* GraphCollectionCell.m */; };
		AC99E7E318BD9432009B9DBD /* GraphCollectionCell.xib in Resources */ = {isa = PBXBuildFile; fileRef = AC99E7E118BD9432009B9DBD /* GraphCollectionCell.xib */; };
		AC99E7E918BD9D28009B9DBD /* charts_1.png in Resources */ = {isa = PBXBuildFile; fileRef = AC99E7E418BD9D28009B9DBD /* charts_1.png */; };
		AC99E7EA18BD9D28009B9DBD /* charts_2.png in Resources */ = {isa = PBXBuildFile; fileRef = AC99E7E518BD9D28009B9DBD /* charts_2.png */; };
		AC99E7EB18BD9D28009B9DBD /* charts_3.png in Resources */ = {isa = PBXBuildFile; fileRef = AC99E7E618BD9D28009B9DBD /* charts_3.png */; };
		AC99E7EC18BD9D28009B9DBD /* charts_4.png in Resources */ = {isa = PBXBuildFile; fileRef = AC99E7E718BD9D28009B9DBD /* charts_4.png */; };
		AC99E7ED18BD9D28009B9DBD /* charts_5.png in Resources */ = {isa = PBXBuildFile; fileRef = AC99E7E818BD9D28009B9DBD /* charts_5.png */; };
		AC99E80E18C049FA009B9DBD /* profile_grass.jpg in Resources */ = {isa = PBXBuildFile; fileRef = AC99E80D18C049FA009B9DBD /* profile_grass.jpg */; };
		AC99E81418C05BF6009B9DBD /* app_icon_non_retina.png in Resources */ = {isa = PBXBuildFile; fileRef = AC99E80F18C05BF6009B9DBD /* app_icon_non_retina.png */; };
		AC99E81518C05BF6009B9DBD /* app_icon_small.png in Resources */ = {isa = PBXBuildFile; fileRef = AC99E81018C05BF6009B9DBD /* app_icon_small.png */; };
		AC99E81618C05BF6009B9DBD /* app_icon.png in Resources */ = {isa = PBXBuildFile; fileRef = AC99E81118C05BF6009B9DBD /* app_icon.png */; };
		AC99E81718C05BF6009B9DBD /* load_screen_small.png in Resources */ = {isa = PBXBuildFile; fileRef = AC99E81218C05BF6009B9DBD /* load_screen_small.png */; };
		AC99E81818C05BF6009B9DBD /* load_screen.png in Resources */ = {isa = PBXBuildFile; fileRef = AC99E81318C05BF6009B9DBD /* load_screen.png */; };
		ACA6C4C918BACC6400091BE5 /* player-bg-top.png in Resources */ = {isa = PBXBuildFile; fileRef = ACA6C4C818BACC6400091BE5 /* player-bg-top.png */; };
		ACA6C4CC18BACE5F00091BE5 /* Colours.m in Sources */ = {isa = PBXBuildFile; fileRef = ACA6C4CB18BACE5F00091BE5 /* Colours.m */; };
		ACA6C4D518BC420100091BE5 /* Images.xcassets in Resources */ = {isa = PBXBuildFile; fileRef = ACA6C4D418BC420100091BE5 /* Images.xcassets */; };
		ACA6C4D918BC4E1500091BE5 /* RiskEditViewController.m in Sources */ = {isa = PBXBuildFile; fileRef = ACA6C4D718BC4E1500091BE5 /* RiskEditViewController.m */; };
		ACA6C4DA18BC4E1500091BE5 /* RiskEditViewController.xib in Resources */ = {isa = PBXBuildFile; fileRef = ACA6C4D818BC4E1500091BE5 /* RiskEditViewController.xib */; };
		ACA6C4E218BC628100091BE5 /* change-risk-bg2.png in Resources */ = {isa = PBXBuildFile; fileRef = ACA6C4E118BC628100091BE5 /* change-risk-bg2.png */; };
		ACA6C4E418BC637E00091BE5 /* change-risk-bg2.fw.png in Resources */ = {isa = PBXBuildFile; fileRef = ACA6C4E318BC637E00091BE5 /* change-risk-bg2.fw.png */; };
		ACA6C4E618BD64E700091BE5 /* scale.png in Resources */ = {isa = PBXBuildFile; fileRef = ACA6C4E518BD64E700091BE5 /* scale.png */; };
		ACB116FA1A15C2F700002A96 /* StatsVC.m in Sources */ = {isa = PBXBuildFile; fileRef = ACB116F81A15C2F700002A96 /* StatsVC.m */; };
		ACB116FB1A15C2F700002A96 /* StatsVC.xib in Resources */ = {isa = PBXBuildFile; fileRef = ACB116F91A15C2F700002A96 /* StatsVC.xib */; };
/* End PBXBuildFile section */

/* Begin PBXFileReference section */
		0239B55A168BB0F4008B8AD6 /* RFQuiltLayout.h */ = {isa = PBXFileReference; fileEncoding = 4; lastKnownFileType = sourcecode.c.h; name = RFQuiltLayout.h; path = RFQuiltLayout/RFQuiltLayout.h; sourceTree = SOURCE_ROOT; };
		0239B55B168BB0F4008B8AD6 /* RFQuiltLayout.m */ = {isa = PBXFileReference; fileEncoding = 4; lastKnownFileType = sourcecode.c.objc; name = RFQuiltLayout.m; path = RFQuiltLayout/RFQuiltLayout.m; sourceTree = SOURCE_ROOT; };
		026492D516D3628600992E42 /* CoreGraphics.framework */ = {isa = PBXFileReference; lastKnownFileType = wrapper.framework; name = CoreGraphics.framework; path = System/Library/Frameworks/CoreGraphics.framework; sourceTree = SDKROOT; };
		02E25B02168B74B0009CA089 /* Performance.app */ = {isa = PBXFileReference; explicitFileType = wrapper.application; includeInIndex = 0; path = Performance.app; sourceTree = BUILT_PRODUCTS_DIR; };
		02E25B06168B74B0009CA089 /* UIKit.framework */ = {isa = PBXFileReference; lastKnownFileType = wrapper.framework; name = UIKit.framework; path = System/Library/Frameworks/UIKit.framework; sourceTree = SDKROOT; };
		02E25B08168B74B0009CA089 /* Foundation.framework */ = {isa = PBXFileReference; lastKnownFileType = wrapper.framework; name = Foundation.framework; path = System/Library/Frameworks/Foundation.framework; sourceTree = SDKROOT; };
		02E25B0E168B74B0009CA089 /* Waratahs-Info.plist */ = {isa = PBXFileReference; lastKnownFileType = text.plist.xml; path = "Waratahs-Info.plist"; sourceTree = "<group>"; };
		02E25B10168B74B0009CA089 /* en */ = {isa = PBXFileReference; lastKnownFileType = text.plist.strings; name = en; path = en.lproj/InfoPlist.strings; sourceTree = "<group>"; };
		02E25B12168B74B0009CA089 /* main.m */ = {isa = PBXFileReference; lastKnownFileType = sourcecode.c.objc; path = main.m; sourceTree = "<group>"; };
		02E25B14168B74B0009CA089 /* Waratahs-Prefix.pch */ = {isa = PBXFileReference; lastKnownFileType = sourcecode.c.h; path = "Waratahs-Prefix.pch"; sourceTree = "<group>"; };
		02E25B15168B74B0009CA089 /* WaratahsAppDelegate.h */ = {isa = PBXFileReference; lastKnownFileType = sourcecode.c.h; path = WaratahsAppDelegate.h; sourceTree = "<group>"; };
		02E25B16168B74B0009CA089 /* WaratahsAppDelegate.m */ = {isa = PBXFileReference; lastKnownFileType = sourcecode.c.objc; path = WaratahsAppDelegate.m; sourceTree = "<group>"; };
		02E25B18168B74B0009CA089 /* Default.png */ = {isa = PBXFileReference; lastKnownFileType = image.png; path = Default.png; sourceTree = "<group>"; };
		02E25B1A168B74B0009CA089 /* Default@2x.png */ = {isa = PBXFileReference; lastKnownFileType = image.png; path = "Default@2x.png"; sourceTree = "<group>"; };
		02E25B1C168B74B0009CA089 /* Default-568h@2x.png */ = {isa = PBXFileReference; lastKnownFileType = image.png; path = "Default-568h@2x.png"; sourceTree = "<group>"; };
		02E25B1E168B74B0009CA089 /* PlayerProfileViewController.h */ = {isa = PBXFileReference; lastKnownFileType = sourcecode.c.h; path = PlayerProfileViewController.h; sourceTree = "<group>"; };
		02E25B1F168B74B0009CA089 /* PlayerProfileViewController.m */ = {isa = PBXFileReference; lastKnownFileType = sourcecode.c.objc; path = PlayerProfileViewController.m; sourceTree = "<group>"; };
		02E25B22168B74B0009CA089 /* en */ = {isa = PBXFileReference; lastKnownFileType = file.xib; name = en; path = en.lproj/PlayerProfileViewController.xib; sourceTree = "<group>"; };
		6417E354C36240EFBF0B4129 /* Pods.xcconfig */ = {isa = PBXFileReference; includeInIndex = 1; lastKnownFileType = text.xcconfig; name = Pods.xcconfig; path = Pods/Pods.xcconfig; sourceTree = "<group>"; };
		7F70B43319B9A26500FDA1E6 /* Jacques_Potgieter_profile.png */ = {isa = PBXFileReference; lastKnownFileType = image.png; path = Jacques_Potgieter_profile.png; sourceTree = "<group>"; };
		7F70B43419B9A26500FDA1E6 /* Rob_Horne_profile.png */ = {isa = PBXFileReference; lastKnownFileType = image.png; path = Rob_Horne_profile.png; sourceTree = "<group>"; };
		7F70B43519B9A26500FDA1E6 /* Stephen_Holies_profile.png */ = {isa = PBXFileReference; lastKnownFileType = image.png; path = Stephen_Holies_profile.png; sourceTree = "<group>"; };
		7F70B43719B9A26500FDA1E6 /* Adam_Ashley-Cooper_profile.png */ = {isa = PBXFileReference; lastKnownFileType = image.png; path = "Adam_Ashley-Cooper_profile.png"; sourceTree = "<group>"; };
		7F70B43819B9A26500FDA1E6 /* Benn_Robinson_profile.png */ = {isa = PBXFileReference; lastKnownFileType = image.png; path = Benn_Robinson_profile.png; sourceTree = "<group>"; };
		7F70B43919B9A26500FDA1E6 /* Bernard_Foley_profile.png */ = {isa = PBXFileReference; lastKnownFileType = image.png; path = Bernard_Foley_profile.png; sourceTree = "<group>"; };
		7F70B43A19B9A26500FDA1E6 /* Nick_Phipps_profile.png */ = {isa = PBXFileReference; lastKnownFileType = image.png; path = Nick_Phipps_profile.png; sourceTree = "<group>"; };
		7F70B43B19B9A26500FDA1E6 /* Alofa_Alofa_profile.png */ = {isa = PBXFileReference; lastKnownFileType = image.png; path = Alofa_Alofa_profile.png; sourceTree = "<group>"; };
		7F70B43C19B9A26500FDA1E6 /* Kane_Douglas_profile.png */ = {isa = PBXFileReference; lastKnownFileType = image.png; path = Kane_Douglas_profile.png; sourceTree = "<group>"; };
		7F70B43D19B9A26500FDA1E6 /* Kurtley_Beale_profile.png */ = {isa = PBXFileReference; lastKnownFileType = image.png; path = Kurtley_Beale_profile.png; sourceTree = "<group>"; };
		7F70B43E19B9A26500FDA1E6 /* Tatafu_Polota_Nau_profile.png */ = {isa = PBXFileReference; lastKnownFileType = image.png; path = Tatafu_Polota_Nau_profile.png; sourceTree = "<group>"; };
		7F70B43F19B9A26500FDA1E6 /* Israel_Folau_profile.png */ = {isa = PBXFileReference; lastKnownFileType = image.png; path = Israel_Folau_profile.png; sourceTree = "<group>"; };
		7F70B44019B9A26500FDA1E6 /* Michael_Hooper_profile.png */ = {isa = PBXFileReference; lastKnownFileType = image.png; path = Michael_Hooper_profile.png; sourceTree = "<group>"; };
		7F70B44119B9A26500FDA1E6 /* Sekope_Kepu_profile.png */ = {isa = PBXFileReference; lastKnownFileType = image.png; path = Sekope_Kepu_profile.png; sourceTree = "<group>"; };
		7F70B44219B9A26500FDA1E6 /* Jacques_Potgieter.png */ = {isa = PBXFileReference; lastKnownFileType = image.png; path = Jacques_Potgieter.png; sourceTree = "<group>"; };
		7F70B44319B9A26500FDA1E6 /* Wycliff_Paul.png */ = {isa = PBXFileReference; lastKnownFileType = image.png; path = Wycliff_Paul.png; sourceTree = "<group>"; };
		7F70B44419B9A26500FDA1E6 /* Nick_Phipps.png */ = {isa = PBXFileReference; lastKnownFileType = image.png; path = Nick_Phipps.png; sourceTree = "<group>"; };
		7F70B44519B9A26500FDA1E6 /* Rob_Horne.png */ = {isa = PBXFileReference; lastKnownFileType = image.png; path = Rob_Horne.png; sourceTree = "<group>"; };
		7F70B44619B9A26500FDA1E6 /* Stephen_Holies.png */ = {isa = PBXFileReference; lastKnownFileType = image.png; path = Stephen_Holies.png; sourceTree = "<group>"; };
		7F70B44719B9A26500FDA1E6 /* Adam_Ashley-Cooper.png */ = {isa = PBXFileReference; lastKnownFileType = image.png; path = "Adam_Ashley-Cooper.png"; sourceTree = "<group>"; };
		7F70B44819B9A26500FDA1E6 /* Benn_Robinson.png */ = {isa = PBXFileReference; lastKnownFileType = image.png; path = Benn_Robinson.png; sourceTree = "<group>"; };
		7F70B44919B9A26500FDA1E6 /* Bernard_Foley.png */ = {isa = PBXFileReference; lastKnownFileType = image.png; path = Bernard_Foley.png; sourceTree = "<group>"; };
		7F70B44A19B9A26500FDA1E6 /* Alofa_Alofa.png */ = {isa = PBXFileReference; lastKnownFileType = image.png; path = Alofa_Alofa.png; sourceTree = "<group>"; };
		7F70B44B19B9A26500FDA1E6 /* Kane_Douglas.png */ = {isa = PBXFileReference; lastKnownFileType = image.png; path = Kane_Douglas.png; sourceTree = "<group>"; };
		7F70B44C19B9A26500FDA1E6 /* Tatafu_Polota_Nau.png */ = {isa = PBXFileReference; lastKnownFileType = image.png; path = Tatafu_Polota_Nau.png; sourceTree = "<group>"; };
		7F70B44D19B9A26500FDA1E6 /* Israel_Folau.png */ = {isa = PBXFileReference; lastKnownFileType = image.png; path = Israel_Folau.png; sourceTree = "<group>"; };
		7F70B44E19B9A26500FDA1E6 /* Kurtley_Beale.png */ = {isa = PBXFileReference; lastKnownFileType = image.png; path = Kurtley_Beale.png; sourceTree = "<group>"; };
		7F70B44F19B9A26500FDA1E6 /* Sekope_Kepu.png */ = {isa = PBXFileReference; lastKnownFileType = image.png; path = Sekope_Kepu.png; sourceTree = "<group>"; };
		7F70B45019B9A26500FDA1E6 /* Michael_Hooper.png */ = {isa = PBXFileReference; lastKnownFileType = image.png; path = Michael_Hooper.png; sourceTree = "<group>"; };
		7F8F80CB19C66CCF005AC35D /* Wycliff_Palu.png */ = {isa = PBXFileReference; lastKnownFileType = image.png; name = Wycliff_Palu.png; path = "players 2/Wycliff_Palu.png"; sourceTree = SOURCE_ROOT; };
		7F8F80CD19C66CF8005AC35D /* Wycliff_Palu_profile.png */ = {isa = PBXFileReference; lastKnownFileType = image.png; path = Wycliff_Palu_profile.png; sourceTree = "<group>"; };
		802C3D7354E4481C9CAFC53E /* libPods.a */ = {isa = PBXFileReference; explicitFileType = archive.ar; includeInIndex = 0; path = libPods.a; sourceTree = BUILT_PRODUCTS_DIR; };
		AC17201618B1AD3400A0274F /* PlayerDetailViewController.h */ = {isa = PBXFileReference; fileEncoding = 4; lastKnownFileType = sourcecode.c.h; path = PlayerDetailViewController.h; sourceTree = "<group>"; };
		AC17201718B1AD3400A0274F /* PlayerDetailViewController.m */ = {isa = PBXFileReference; fileEncoding = 4; lastKnownFileType = sourcecode.c.objc; path = PlayerDetailViewController.m; sourceTree = "<group>"; };
		AC17201818B1AD3400A0274F /* PlayerDetailViewController.xib */ = {isa = PBXFileReference; fileEncoding = 4; lastKnownFileType = file.xib; path = PlayerDetailViewController.xib; sourceTree = "<group>"; };
		AC17203C18B2DE0D00A0274F /* Model.h */ = {isa = PBXFileReference; fileEncoding = 4; lastKnownFileType = sourcecode.c.h; path = Model.h; sourceTree = "<group>"; };
		AC17203D18B2DE0D00A0274F /* Model.m */ = {isa = PBXFileReference; fileEncoding = 4; lastKnownFileType = sourcecode.c.objc; path = Model.m; sourceTree = "<group>"; };
		AC17203E18B2DE0D00A0274F /* ModelItems.h */ = {isa = PBXFileReference; fileEncoding = 4; lastKnownFileType = sourcecode.c.h; path = ModelItems.h; sourceTree = "<group>"; };
		AC17203F18B2DE0D00A0274F /* ModelItems.m */ = {isa = PBXFileReference; fileEncoding = 4; lastKnownFileType = sourcecode.c.objc; path = ModelItems.m; sourceTree = "<group>"; };
		AC17204218B2DE1500A0274F /* DataModel.h */ = {isa = PBXFileReference; fileEncoding = 4; lastKnownFileType = sourcecode.c.h; path = DataModel.h; sourceTree = "<group>"; };
		AC17204318B2DE1500A0274F /* DataModel.m */ = {isa = PBXFileReference; fileEncoding = 4; lastKnownFileType = sourcecode.c.objc; path = DataModel.m; sourceTree = "<group>"; };
		AC17204718B2DF6900A0274F /* Player.h */ = {isa = PBXFileReference; fileEncoding = 4; lastKnownFileType = sourcecode.c.h; path = Player.h; sourceTree = "<group>"; };
		AC17204818B2DF6900A0274F /* Player.m */ = {isa = PBXFileReference; fileEncoding = 4; lastKnownFileType = sourcecode.c.objc; path = Player.m; sourceTree = "<group>"; };
		AC17204A18B2DFFC00A0274F /* PlayerItems.h */ = {isa = PBXFileReference; fileEncoding = 4; lastKnownFileType = sourcecode.c.h; path = PlayerItems.h; sourceTree = "<group>"; };
		AC17204B18B2DFFC00A0274F /* PlayerItems.m */ = {isa = PBXFileReference; fileEncoding = 4; lastKnownFileType = sourcecode.c.objc; path = PlayerItems.m; sourceTree = "<group>"; };
		AC17204D18B2E6AA00A0274F /* Utilities.h */ = {isa = PBXFileReference; fileEncoding = 4; lastKnownFileType = sourcecode.c.h; path = Utilities.h; sourceTree = "<group>"; };
		AC17204E18B2E6AA00A0274F /* Utilities.m */ = {isa = PBXFileReference; fileEncoding = 4; lastKnownFileType = sourcecode.c.objc; path = Utilities.m; sourceTree = "<group>"; };
		AC17205018B3200000A0274F /* PlayerSearchCell.h */ = {isa = PBXFileReference; fileEncoding = 4; lastKnownFileType = sourcecode.c.h; path = PlayerSearchCell.h; sourceTree = "<group>"; };
		AC17205118B3200000A0274F /* PlayerSearchCell.m */ = {isa = PBXFileReference; fileEncoding = 4; lastKnownFileType = sourcecode.c.objc; path = PlayerSearchCell.m; sourceTree = "<group>"; };
		AC17205618B41C2B00A0274F /* background.png */ = {isa = PBXFileReference; lastKnownFileType = image.png; path = background.png; sourceTree = "<group>"; };
		AC17205718B41C2B00A0274F /* btn-change-risk.png */ = {isa = PBXFileReference; lastKnownFileType = image.png; path = "btn-change-risk.png"; sourceTree = "<group>"; };
		AC17205818B41C2B00A0274F /* btn-close.png */ = {isa = PBXFileReference; lastKnownFileType = image.png; path = "btn-close.png"; sourceTree = "<group>"; };
		AC17205918B41C2B00A0274F /* btn-overview.png */ = {isa = PBXFileReference; lastKnownFileType = image.png; path = "btn-overview.png"; sourceTree = "<group>"; };
		AC17205A18B41C2B00A0274F /* btn-team-stats-close.png */ = {isa = PBXFileReference; lastKnownFileType = image.png; path = "btn-team-stats-close.png"; sourceTree = "<group>"; };
		AC17205B18B41C2B00A0274F /* btn-team-stats-open.png */ = {isa = PBXFileReference; lastKnownFileType = image.png; path = "btn-team-stats-open.png"; sourceTree = "<group>"; };
		AC17205C18B41C2B00A0274F /* change-risk-bg.png */ = {isa = PBXFileReference; lastKnownFileType = image.png; path = "change-risk-bg.png"; sourceTree = "<group>"; };
		AC17205D18B41C2B00A0274F /* change-risk-indicator.png */ = {isa = PBXFileReference; lastKnownFileType = image.png; path = "change-risk-indicator.png"; sourceTree = "<group>"; };
		AC17205F18B41C2B00A0274F /* icon-triangle-down-green.png */ = {isa = PBXFileReference; lastKnownFileType = image.png; path = "icon-triangle-down-green.png"; sourceTree = "<group>"; };
		AC17206018B41C2B00A0274F /* icon-triangle-dropdown-blue.png */ = {isa = PBXFileReference; lastKnownFileType = image.png; path = "icon-triangle-dropdown-blue.png"; sourceTree = "<group>"; };
		AC17206118B41C2B00A0274F /* icon-triangle-up-red.png */ = {isa = PBXFileReference; lastKnownFileType = image.png; path = "icon-triangle-up-red.png"; sourceTree = "<group>"; };
		AC17206218B41C2B00A0274F /* icons-fit-green.png */ = {isa = PBXFileReference; lastKnownFileType = image.png; path = "icons-fit-green.png"; sourceTree = "<group>"; };
		AC17206318B41C2B00A0274F /* icons-fit-orange.png */ = {isa = PBXFileReference; lastKnownFileType = image.png; path = "icons-fit-orange.png"; sourceTree = "<group>"; };
		AC17206418B41C2B00A0274F /* icons-fit-red.png */ = {isa = PBXFileReference; lastKnownFileType = image.png; path = "icons-fit-red.png"; sourceTree = "<group>"; };
		AC17206518B41C2B00A0274F /* icons-fit.png */ = {isa = PBXFileReference; lastKnownFileType = image.png; path = "icons-fit.png"; sourceTree = "<group>"; };
		AC17206618B41C2B00A0274F /* icons-risk-green.png */ = {isa = PBXFileReference; lastKnownFileType = image.png; path = "icons-risk-green.png"; sourceTree = "<group>"; };
		AC17206718B41C2B00A0274F /* icons-risk-orange.png */ = {isa = PBXFileReference; lastKnownFileType = image.png; path = "icons-risk-orange.png"; sourceTree = "<group>"; };
		AC17206818B41C2B00A0274F /* icons-risk-red.png */ = {isa = PBXFileReference; lastKnownFileType = image.png; path = "icons-risk-red.png"; sourceTree = "<group>"; };
		AC17206918B41C2B00A0274F /* icons-risk.png */ = {isa = PBXFileReference; lastKnownFileType = image.png; path = "icons-risk.png"; sourceTree = "<group>"; };
		AC17206A18B41C2B00A0274F /* icons-well-green.png */ = {isa = PBXFileReference; lastKnownFileType = image.png; path = "icons-well-green.png"; sourceTree = "<group>"; };
		AC17206B18B41C2B00A0274F /* icons-well-orange.png */ = {isa = PBXFileReference; lastKnownFileType = image.png; path = "icons-well-orange.png"; sourceTree = "<group>"; };
		AC17206C18B41C2B00A0274F /* icons-well-red.png */ = {isa = PBXFileReference; lastKnownFileType = image.png; path = "icons-well-red.png"; sourceTree = "<group>"; };
		AC17206D18B41C2B00A0274F /* icons-well.png */ = {isa = PBXFileReference; lastKnownFileType = image.png; path = "icons-well.png"; sourceTree = "<group>"; };
		AC17206E18B41C2B00A0274F /* player-risk-box.png */ = {isa = PBXFileReference; lastKnownFileType = image.png; path = "player-risk-box.png"; sourceTree = "<group>"; };
		AC17206F18B41C2B00A0274F /* player-search-box.png */ = {isa = PBXFileReference; lastKnownFileType = image.png; path = "player-search-box.png"; sourceTree = "<group>"; };
		AC17207018B41C2B00A0274F /* stats1.png */ = {isa = PBXFileReference; lastKnownFileType = image.png; path = stats1.png; sourceTree = "<group>"; };
		AC17207118B41C2B00A0274F /* stats2.png */ = {isa = PBXFileReference; lastKnownFileType = image.png; path = stats2.png; sourceTree = "<group>"; };
		AC17207218B41C2B00A0274F /* stats3.png */ = {isa = PBXFileReference; lastKnownFileType = image.png; path = stats3.png; sourceTree = "<group>"; };
		AC17207318B41C2B00A0274F /* stats4.png */ = {isa = PBXFileReference; lastKnownFileType = image.png; path = stats4.png; sourceTree = "<group>"; };
		AC17207418B41C2B00A0274F /* stats5.png */ = {isa = PBXFileReference; lastKnownFileType = image.png; path = stats5.png; sourceTree = "<group>"; };
		AC17207518B41C2B00A0274F /* tabs-fit.png */ = {isa = PBXFileReference; lastKnownFileType = image.png; path = "tabs-fit.png"; sourceTree = "<group>"; };
		AC17207618B41C2B00A0274F /* tabs-risk.png */ = {isa = PBXFileReference; lastKnownFileType = image.png; path = "tabs-risk.png"; sourceTree = "<group>"; };
		AC17207718B41C2B00A0274F /* tabs-well.png */ = {isa = PBXFileReference; lastKnownFileType = image.png; path = "tabs-well.png"; sourceTree = "<group>"; };
		AC17209A18B46EA400A0274F /* header.png */ = {isa = PBXFileReference; lastKnownFileType = image.png; path = header.png; sourceTree = "<group>"; };
		AC1720BB18B572E200A0274F /* UIView+drawLines.h */ = {isa = PBXFileReference; fileEncoding = 4; lastKnownFileType = sourcecode.c.h; path = "UIView+drawLines.h"; sourceTree = "<group>"; };
		AC1720BC18B572E200A0274F /* UIView+drawLines.m */ = {isa = PBXFileReference; fileEncoding = 4; lastKnownFileType = sourcecode.c.objc; path = "UIView+drawLines.m"; sourceTree = "<group>"; };
		AC1720BE18B5787A00A0274F /* TabBarView.h */ = {isa = PBXFileReference; fileEncoding = 4; lastKnownFileType = sourcecode.c.h; path = TabBarView.h; sourceTree = "<group>"; };
		AC1720BF18B5787A00A0274F /* TabBarView.m */ = {isa = PBXFileReference; fileEncoding = 4; lastKnownFileType = sourcecode.c.objc; path = TabBarView.m; sourceTree = "<group>"; };
		AC1720C118B587D600A0274F /* tab-selected.png */ = {isa = PBXFileReference; lastKnownFileType = image.png; path = "tab-selected.png"; sourceTree = "<group>"; };
		AC1720C218B587D600A0274F /* tab-unselected.png */ = {isa = PBXFileReference; lastKnownFileType = image.png; path = "tab-unselected.png"; sourceTree = "<group>"; };
		AC1720C518B5966800A0274F /* FitnessView.h */ = {isa = PBXFileReference; fileEncoding = 4; lastKnownFileType = sourcecode.c.h; path = FitnessView.h; sourceTree = "<group>"; };
		AC1720C618B5966800A0274F /* FitnessView.m */ = {isa = PBXFileReference; fileEncoding = 4; lastKnownFileType = sourcecode.c.objc; path = FitnessView.m; sourceTree = "<group>"; };
		AC1720C818B5967A00A0274F /* FitnessView.xib */ = {isa = PBXFileReference; fileEncoding = 4; lastKnownFileType = file.xib; path = FitnessView.xib; sourceTree = "<group>"; };
		AC1720CA18B5B01100A0274F /* RiskView.xib */ = {isa = PBXFileReference; fileEncoding = 4; lastKnownFileType = file.xib; path = RiskView.xib; sourceTree = "<group>"; };
		AC1720CC18B5B03B00A0274F /* RiskView.h */ = {isa = PBXFileReference; fileEncoding = 4; lastKnownFileType = sourcecode.c.h; path = RiskView.h; sourceTree = "<group>"; };
		AC1720CD18B5B03B00A0274F /* RiskView.m */ = {isa = PBXFileReference; fileEncoding = 4; lastKnownFileType = sourcecode.c.objc; path = RiskView.m; sourceTree = "<group>"; };
		AC1720D318B6F58B00A0274F /* Wellness.h */ = {isa = PBXFileReference; fileEncoding = 4; lastKnownFileType = sourcecode.c.h; path = Wellness.h; sourceTree = "<group>"; };
		AC1720D418B6F58B00A0274F /* Wellness.m */ = {isa = PBXFileReference; fileEncoding = 4; lastKnownFileType = sourcecode.c.objc; path = Wellness.m; sourceTree = "<group>"; };
		AC1720D618B6F70C00A0274F /* WellnessPlayers.h */ = {isa = PBXFileReference; fileEncoding = 4; lastKnownFileType = sourcecode.c.h; path = WellnessPlayers.h; sourceTree = "<group>"; };
		AC1720D718B6F70C00A0274F /* WellnessPlayers.m */ = {isa = PBXFileReference; fileEncoding = 4; lastKnownFileType = sourcecode.c.objc; path = WellnessPlayers.m; sourceTree = "<group>"; };
		AC1720D918B7026A00A0274F /* Wellness.json */ = {isa = PBXFileReference; fileEncoding = 4; lastKnownFileType = text.json; path = Wellness.json; sourceTree = "<group>"; };
		AC1720DB18B7135300A0274F /* WellnessView.h */ = {isa = PBXFileReference; fileEncoding = 4; lastKnownFileType = sourcecode.c.h; path = WellnessView.h; sourceTree = "<group>"; };
		AC1720DC18B7135300A0274F /* WellnessView.m */ = {isa = PBXFileReference; fileEncoding = 4; lastKnownFileType = sourcecode.c.objc; path = WellnessView.m; sourceTree = "<group>"; };
		AC1720DE18B7136800A0274F /* WellnessView.xib */ = {isa = PBXFileReference; fileEncoding = 4; lastKnownFileType = file.xib; path = WellnessView.xib; sourceTree = "<group>"; };
		AC1720E018B7170200A0274F /* player-bg-bottom.png */ = {isa = PBXFileReference; lastKnownFileType = image.png; path = "player-bg-bottom.png"; sourceTree = "<group>"; };
		AC1720E118B7170200A0274F /* player-bg-top.png */ = {isa = PBXFileReference; lastKnownFileType = image.png; path = "player-bg-top.png"; sourceTree = "<group>"; };
		AC1720E218B7170200A0274F /* player-indicator-container.png */ = {isa = PBXFileReference; lastKnownFileType = image.png; path = "player-indicator-container.png"; sourceTree = "<group>"; };
		AC29EF131BA7B4FA005406DA /* zurich-cn-bt-bold.ttf */ = {isa = PBXFileReference; lastKnownFileType = file; path = "zurich-cn-bt-bold.ttf"; sourceTree = "<group>"; };
		AC29EF141BA7B4FA005406DA /* Zurich__Condensed_BT.ttf */ = {isa = PBXFileReference; lastKnownFileType = file; path = Zurich__Condensed_BT.ttf; sourceTree = "<group>"; };
		AC29EF171BA7DD59005406DA /* SoldierProfile.json */ = {isa = PBXFileReference; fileEncoding = 4; lastKnownFileType = text.json; path = SoldierProfile.json; sourceTree = "<group>"; };
		AC29EF1B1BA7F598005406DA /* PlayerSearchCell.xib */ = {isa = PBXFileReference; fileEncoding = 4; lastKnownFileType = file.xib; path = PlayerSearchCell.xib; sourceTree = "<group>"; };
		AC76770018AC6F1A00664E8C /* PlayerProfileCollectionCell.h */ = {isa = PBXFileReference; fileEncoding = 4; lastKnownFileType = sourcecode.c.h; path = PlayerProfileCollectionCell.h; sourceTree = "<group>"; };
		AC76770118AC6F1A00664E8C /* PlayerProfileCollectionCell.m */ = {isa = PBXFileReference; fileEncoding = 4; lastKnownFileType = sourcecode.c.objc; path = PlayerProfileCollectionCell.m; sourceTree = "<group>"; };
		AC76770518AC6F9400664E8C /* PlayerProfileCollectionCell.xib */ = {isa = PBXFileReference; fileEncoding = 4; lastKnownFileType = file.xib; path = PlayerProfileCollectionCell.xib; sourceTree = "<group>"; };
		AC76770918AC71FA00664E8C /* Player.png */ = {isa = PBXFileReference; lastKnownFileType = image.png; path = Player.png; sourceTree = "<group>"; };
		AC76770F18AC856800664E8C /* PlayerData.json */ = {isa = PBXFileReference; fileEncoding = 4; lastKnownFileType = text.json; path = PlayerData.json; sourceTree = "<group>"; };
		AC76771118AC85B600664E8C /* PlayerProfile.csv */ = {isa = PBXFileReference; fileEncoding = 4; lastKnownFileType = text; path = PlayerProfile.csv; sourceTree = "<group>"; };
		AC76771318AC891E00664E8C /* PlayerProfile.json */ = {isa = PBXFileReference; fileEncoding = 4; lastKnownFileType = text.json; path = PlayerProfile.json; sourceTree = "<group>"; };
		AC76771518AD974000664E8C /* Options.plist */ = {isa = PBXFileReference; fileEncoding = 4; lastKnownFileType = text.plist.xml; path = Options.plist; sourceTree = "<group>"; };
		AC76771818ADC0AB00664E8C /* TeamStatsViewController.h */ = {isa = PBXFileReference; fileEncoding = 4; lastKnownFileType = sourcecode.c.h; path = TeamStatsViewController.h; sourceTree = "<group>"; };
		AC76771918ADC0AB00664E8C /* TeamStatsViewController.m */ = {isa = PBXFileReference; fileEncoding = 4; lastKnownFileType = sourcecode.c.objc; path = TeamStatsViewController.m; sourceTree = "<group>"; };
		AC76771A18ADC0AB00664E8C /* TeamStatsViewController.xib */ = {isa = PBXFileReference; fileEncoding = 4; lastKnownFileType = file.xib; path = TeamStatsViewController.xib; sourceTree = "<group>"; };
		AC99E7D918BD93B9009B9DBD /* RFGraphCollectionView.h */ = {isa = PBXFileReference; fileEncoding = 4; lastKnownFileType = sourcecode.c.h; path = RFGraphCollectionView.h; sourceTree = "<group>"; };
		AC99E7DA18BD93B9009B9DBD /* RFGraphCollectionView.m */ = {isa = PBXFileReference; fileEncoding = 4; lastKnownFileType = sourcecode.c.objc; path = RFGraphCollectionView.m; sourceTree = "<group>"; };
		AC99E7DB18BD93B9009B9DBD /* RFGraphsCell.h */ = {isa = PBXFileReference; fileEncoding = 4; lastKnownFileType = sourcecode.c.h; path = RFGraphsCell.h; sourceTree = "<group>"; };
		AC99E7DC18BD93B9009B9DBD /* RFGraphsCell.m */ = {isa = PBXFileReference; fileEncoding = 4; lastKnownFileType = sourcecode.c.objc; path = RFGraphsCell.m; sourceTree = "<group>"; };
		AC99E7DF18BD9432009B9DBD /* GraphCollectionCell.h */ = {isa = PBXFileReference; fileEncoding = 4; lastKnownFileType = sourcecode.c.h; path = GraphCollectionCell.h; sourceTree = "<group>"; };
		AC99E7E018BD9432009B9DBD /* GraphCollectionCell.m */ = {isa = PBXFileReference; fileEncoding = 4; lastKnownFileType = sourcecode.c.objc; path = GraphCollectionCell.m; sourceTree = "<group>"; };
		AC99E7E118BD9432009B9DBD /* GraphCollectionCell.xib */ = {isa = PBXFileReference; fileEncoding = 4; lastKnownFileType = file.xib; path = GraphCollectionCell.xib; sourceTree = "<group>"; };
		AC99E7E418BD9D28009B9DBD /* charts_1.png */ = {isa = PBXFileReference; lastKnownFileType = image.png; path = charts_1.png; sourceTree = "<group>"; };
		AC99E7E518BD9D28009B9DBD /* charts_2.png */ = {isa = PBXFileReference; lastKnownFileType = image.png; path = charts_2.png; sourceTree = "<group>"; };
		AC99E7E618BD9D28009B9DBD /* charts_3.png */ = {isa = PBXFileReference; lastKnownFileType = image.png; path = charts_3.png; sourceTree = "<group>"; };
		AC99E7E718BD9D28009B9DBD /* charts_4.png */ = {isa = PBXFileReference; lastKnownFileType = image.png; path = charts_4.png; sourceTree = "<group>"; };
		AC99E7E818BD9D28009B9DBD /* charts_5.png */ = {isa = PBXFileReference; lastKnownFileType = image.png; path = charts_5.png; sourceTree = "<group>"; };
		AC99E80D18C049FA009B9DBD /* profile_grass.jpg */ = {isa = PBXFileReference; lastKnownFileType = image.jpeg; path = profile_grass.jpg; sourceTree = "<group>"; };
		AC99E80F18C05BF6009B9DBD /* app_icon_non_retina.png */ = {isa = PBXFileReference; lastKnownFileType = image.png; path = app_icon_non_retina.png; sourceTree = "<group>"; };
		AC99E81018C05BF6009B9DBD /* app_icon_small.png */ = {isa = PBXFileReference; lastKnownFileType = image.png; path = app_icon_small.png; sourceTree = "<group>"; };
		AC99E81118C05BF6009B9DBD /* app_icon.png */ = {isa = PBXFileReference; lastKnownFileType = image.png; path = app_icon.png; sourceTree = "<group>"; };
		AC99E81218C05BF6009B9DBD /* load_screen_small.png */ = {isa = PBXFileReference; lastKnownFileType = image.png; path = load_screen_small.png; sourceTree = "<group>"; };
		AC99E81318C05BF6009B9DBD /* load_screen.png */ = {isa = PBXFileReference; lastKnownFileType = image.png; path = load_screen.png; sourceTree = "<group>"; };
		ACA6C4C818BACC6400091BE5 /* player-bg-top.png */ = {isa = PBXFileReference; lastKnownFileType = image.png; path = "player-bg-top.png"; sourceTree = "<group>"; };
		ACA6C4CA18BACE5F00091BE5 /* Colours.h */ = {isa = PBXFileReference; fileEncoding = 4; lastKnownFileType = sourcecode.c.h; path = Colours.h; sourceTree = "<group>"; };
		ACA6C4CB18BACE5F00091BE5 /* Colours.m */ = {isa = PBXFileReference; fileEncoding = 4; lastKnownFileType = sourcecode.c.objc; path = Colours.m; sourceTree = "<group>"; };
		ACA6C4D418BC420100091BE5 /* Images.xcassets */ = {isa = PBXFileReference; lastKnownFileType = folder.assetcatalog; name = Images.xcassets; path = Waratahs/Images.xcassets; sourceTree = SOURCE_ROOT; };
		ACA6C4D618BC4E1500091BE5 /* RiskEditViewController.h */ = {isa = PBXFileReference; fileEncoding = 4; lastKnownFileType = sourcecode.c.h; path = RiskEditViewController.h; sourceTree = "<group>"; };
		ACA6C4D718BC4E1500091BE5 /* RiskEditViewController.m */ = {isa = PBXFileReference; fileEncoding = 4; lastKnownFileType = sourcecode.c.objc; path = RiskEditViewController.m; sourceTree = "<group>"; };
		ACA6C4D818BC4E1500091BE5 /* RiskEditViewController.xib */ = {isa = PBXFileReference; fileEncoding = 4; lastKnownFileType = file.xib; path = RiskEditViewController.xib; sourceTree = "<group>"; };
		ACA6C4E118BC628100091BE5 /* change-risk-bg2.png */ = {isa = PBXFileReference; lastKnownFileType = image.png; path = "change-risk-bg2.png"; sourceTree = "<group>"; };
		ACA6C4E318BC637E00091BE5 /* change-risk-bg2.fw.png */ = {isa = PBXFileReference; lastKnownFileType = image.png; path = "change-risk-bg2.fw.png"; sourceTree = "<group>"; };
		ACA6C4E518BD64E700091BE5 /* scale.png */ = {isa = PBXFileReference; lastKnownFileType = image.png; path = scale.png; sourceTree = "<group>"; };
		ACB116F71A15C2F700002A96 /* StatsVC.h */ = {isa = PBXFileReference; fileEncoding = 4; lastKnownFileType = sourcecode.c.h; path = StatsVC.h; sourceTree = "<group>"; };
		ACB116F81A15C2F700002A96 /* StatsVC.m */ = {isa = PBXFileReference; fileEncoding = 4; lastKnownFileType = sourcecode.c.objc; path = StatsVC.m; sourceTree = "<group>"; };
		ACB116F91A15C2F700002A96 /* StatsVC.xib */ = {isa = PBXFileReference; fileEncoding = 4; lastKnownFileType = file.xib; path = StatsVC.xib; sourceTree = "<group>"; };
/* End PBXFileReference section */

/* Begin PBXFrameworksBuildPhase section */
		02E25AFF168B74B0009CA089 /* Frameworks */ = {
			isa = PBXFrameworksBuildPhase;
			buildActionMask = 2147483647;
			files = (
				026492D616D3628600992E42 /* CoreGraphics.framework in Frameworks */,
				02E25B07168B74B0009CA089 /* UIKit.framework in Frameworks */,
				02E25B09168B74B0009CA089 /* Foundation.framework in Frameworks */,
				4986E711275F49DEBC435215 /* libPods.a in Frameworks */,
			);
			runOnlyForDeploymentPostprocessing = 0;
		};
/* End PBXFrameworksBuildPhase section */

/* Begin PBXGroup section */
		02E25AF7168B74B0009CA089 = {
			isa = PBXGroup;
			children = (
				AC76771718ADB62B00664E8C /* Artifacts */,
				02E25B0C168B74B0009CA089 /* Waratahs */,
				02E25B05168B74B0009CA089 /* Frameworks */,
				02E25B03168B74B0009CA089 /* Products */,
				6417E354C36240EFBF0B4129 /* Pods.xcconfig */,
			);
			sourceTree = "<group>";
		};
		02E25B03168B74B0009CA089 /* Products */ = {
			isa = PBXGroup;
			children = (
				02E25B02168B74B0009CA089 /* Performance.app */,
			);
			name = Products;
			sourceTree = "<group>";
		};
		02E25B05168B74B0009CA089 /* Frameworks */ = {
			isa = PBXGroup;
			children = (
				026492D516D3628600992E42 /* CoreGraphics.framework */,
				02E25B06168B74B0009CA089 /* UIKit.framework */,
				02E25B08168B74B0009CA089 /* Foundation.framework */,
				802C3D7354E4481C9CAFC53E /* libPods.a */,
			);
			name = Frameworks;
			sourceTree = "<group>";
		};
		02E25B0C168B74B0009CA089 /* Waratahs */ = {
			isa = PBXGroup;
			children = (
				AC1720BA18B572C200A0274F /* Categories */,
				AC17204618B2DE7B00A0274F /* Utilities */,
				AC17204518B2DE6F00A0274F /* Models */,
				AC76771D18ADC0B900664E8C /* View Controllers */,
				02E25B29168B74C9009CA089 /* Custom Views */,
				02E25B15168B74B0009CA089 /* WaratahsAppDelegate.h */,
				02E25B16168B74B0009CA089 /* WaratahsAppDelegate.m */,
				ACA6C4D418BC420100091BE5 /* Images.xcassets */,
				02E25B0D168B74B0009CA089 /* Supporting Files */,
			);
			name = Waratahs;
			path = QuiltDemo;
			sourceTree = "<group>";
		};
		02E25B0D168B74B0009CA089 /* Supporting Files */ = {
			isa = PBXGroup;
			children = (
				AC29EF121BA7B4FA005406DA /* Fonts */,
				02E25B0E168B74B0009CA089 /* Waratahs-Info.plist */,
				02E25B0F168B74B0009CA089 /* InfoPlist.strings */,
				02E25B12168B74B0009CA089 /* main.m */,
				02E25B14168B74B0009CA089 /* Waratahs-Prefix.pch */,
				02E25B18168B74B0009CA089 /* Default.png */,
				02E25B1A168B74B0009CA089 /* Default@2x.png */,
				02E25B1C168B74B0009CA089 /* Default-568h@2x.png */,
			);
			name = "Supporting Files";
			sourceTree = "<group>";
		};
		02E25B29168B74C9009CA089 /* Custom Views */ = {
			isa = PBXGroup;
			children = (
				AC99E7DF18BD9432009B9DBD /* GraphCollectionCell.h */,
				AC99E7E018BD9432009B9DBD /* GraphCollectionCell.m */,
				AC99E7E118BD9432009B9DBD /* GraphCollectionCell.xib */,
				AC99E7D918BD93B9009B9DBD /* RFGraphCollectionView.h */,
				AC99E7DA18BD93B9009B9DBD /* RFGraphCollectionView.m */,
				AC99E7DB18BD93B9009B9DBD /* RFGraphsCell.h */,
				AC99E7DC18BD93B9009B9DBD /* RFGraphsCell.m */,
				0239B55A168BB0F4008B8AD6 /* RFQuiltLayout.h */,
				0239B55B168BB0F4008B8AD6 /* RFQuiltLayout.m */,
				AC76770018AC6F1A00664E8C /* PlayerProfileCollectionCell.h */,
				AC76770118AC6F1A00664E8C /* PlayerProfileCollectionCell.m */,
				AC76770518AC6F9400664E8C /* PlayerProfileCollectionCell.xib */,
				AC17205018B3200000A0274F /* PlayerSearchCell.h */,
				AC17205118B3200000A0274F /* PlayerSearchCell.m */,
				AC29EF1B1BA7F598005406DA /* PlayerSearchCell.xib */,
				AC1720BE18B5787A00A0274F /* TabBarView.h */,
				AC1720BF18B5787A00A0274F /* TabBarView.m */,
				AC1720C518B5966800A0274F /* FitnessView.h */,
				AC1720C618B5966800A0274F /* FitnessView.m */,
				AC1720C818B5967A00A0274F /* FitnessView.xib */,
				AC1720CC18B5B03B00A0274F /* RiskView.h */,
				AC1720CD18B5B03B00A0274F /* RiskView.m */,
				AC1720CA18B5B01100A0274F /* RiskView.xib */,
				AC1720DB18B7135300A0274F /* WellnessView.h */,
				AC1720DC18B7135300A0274F /* WellnessView.m */,
				AC1720DE18B7136800A0274F /* WellnessView.xib */,
			);
			name = "Custom Views";
			sourceTree = "<group>";
		};
		AC17201B18B2D84B00A0274F /* players */ = {
			isa = PBXGroup;
			children = (
				7F8F80CD19C66CF8005AC35D /* Wycliff_Palu_profile.png */,
				7F8F80CB19C66CCF005AC35D /* Wycliff_Palu.png */,
				7F70B43319B9A26500FDA1E6 /* Jacques_Potgieter_profile.png */,
				7F70B43419B9A26500FDA1E6 /* Rob_Horne_profile.png */,
				7F70B43519B9A26500FDA1E6 /* Stephen_Holies_profile.png */,
				7F70B43719B9A26500FDA1E6 /* Adam_Ashley-Cooper_profile.png */,
				7F70B43819B9A26500FDA1E6 /* Benn_Robinson_profile.png */,
				7F70B43919B9A26500FDA1E6 /* Bernard_Foley_profile.png */,
				7F70B43A19B9A26500FDA1E6 /* Nick_Phipps_profile.png */,
				7F70B43B19B9A26500FDA1E6 /* Alofa_Alofa_profile.png */,
				7F70B43C19B9A26500FDA1E6 /* Kane_Douglas_profile.png */,
				7F70B43D19B9A26500FDA1E6 /* Kurtley_Beale_profile.png */,
				7F70B43E19B9A26500FDA1E6 /* Tatafu_Polota_Nau_profile.png */,
				7F70B43F19B9A26500FDA1E6 /* Israel_Folau_profile.png */,
				7F70B44019B9A26500FDA1E6 /* Michael_Hooper_profile.png */,
				7F70B44119B9A26500FDA1E6 /* Sekope_Kepu_profile.png */,
				7F70B44219B9A26500FDA1E6 /* Jacques_Potgieter.png */,
				7F70B44319B9A26500FDA1E6 /* Wycliff_Paul.png */,
				7F70B44419B9A26500FDA1E6 /* Nick_Phipps.png */,
				7F70B44519B9A26500FDA1E6 /* Rob_Horne.png */,
				7F70B44619B9A26500FDA1E6 /* Stephen_Holies.png */,
				7F70B44719B9A26500FDA1E6 /* Adam_Ashley-Cooper.png */,
				7F70B44819B9A26500FDA1E6 /* Benn_Robinson.png */,
				7F70B44919B9A26500FDA1E6 /* Bernard_Foley.png */,
				7F70B44A19B9A26500FDA1E6 /* Alofa_Alofa.png */,
				7F70B44B19B9A26500FDA1E6 /* Kane_Douglas.png */,
				7F70B44C19B9A26500FDA1E6 /* Tatafu_Polota_Nau.png */,
				7F70B44D19B9A26500FDA1E6 /* Israel_Folau.png */,
				7F70B44E19B9A26500FDA1E6 /* Kurtley_Beale.png */,
				7F70B44F19B9A26500FDA1E6 /* Sekope_Kepu.png */,
				7F70B45019B9A26500FDA1E6 /* Michael_Hooper.png */,
			);
			name = players;
			path = "players 2";
			sourceTree = "<group>";
		};
		AC17204518B2DE6F00A0274F /* Models */ = {
			isa = PBXGroup;
			children = (
				AC17203C18B2DE0D00A0274F /* Model.h */,
				AC17203D18B2DE0D00A0274F /* Model.m */,
				AC17203E18B2DE0D00A0274F /* ModelItems.h */,
				AC17203F18B2DE0D00A0274F /* ModelItems.m */,
				AC17204718B2DF6900A0274F /* Player.h */,
				AC17204818B2DF6900A0274F /* Player.m */,
				AC17204A18B2DFFC00A0274F /* PlayerItems.h */,
				AC17204B18B2DFFC00A0274F /* PlayerItems.m */,
				AC1720D318B6F58B00A0274F /* Wellness.h */,
				AC1720D418B6F58B00A0274F /* Wellness.m */,
				AC1720D618B6F70C00A0274F /* WellnessPlayers.h */,
				AC1720D718B6F70C00A0274F /* WellnessPlayers.m */,
			);
			name = Models;
			sourceTree = "<group>";
		};
		AC17204618B2DE7B00A0274F /* Utilities */ = {
			isa = PBXGroup;
			children = (
				AC17204218B2DE1500A0274F /* DataModel.h */,
				AC17204318B2DE1500A0274F /* DataModel.m */,
				AC17204D18B2E6AA00A0274F /* Utilities.h */,
				AC17204E18B2E6AA00A0274F /* Utilities.m */,
				ACA6C4CA18BACE5F00091BE5 /* Colours.h */,
				ACA6C4CB18BACE5F00091BE5 /* Colours.m */,
			);
			name = Utilities;
			sourceTree = "<group>";
		};
		AC17205518B41C2B00A0274F /* Images */ = {
			isa = PBXGroup;
			children = (
				AC1720C118B587D600A0274F /* tab-selected.png */,
				AC1720C218B587D600A0274F /* tab-unselected.png */,
				AC17205618B41C2B00A0274F /* background.png */,
				AC17205718B41C2B00A0274F /* btn-change-risk.png */,
				AC17205818B41C2B00A0274F /* btn-close.png */,
				AC99E80F18C05BF6009B9DBD /* app_icon_non_retina.png */,
				AC99E81018C05BF6009B9DBD /* app_icon_small.png */,
				AC99E81118C05BF6009B9DBD /* app_icon.png */,
				AC99E81218C05BF6009B9DBD /* load_screen_small.png */,
				AC99E81318C05BF6009B9DBD /* load_screen.png */,
				AC17205918B41C2B00A0274F /* btn-overview.png */,
				AC17205A18B41C2B00A0274F /* btn-team-stats-close.png */,
				ACA6C4E518BD64E700091BE5 /* scale.png */,
				AC17205B18B41C2B00A0274F /* btn-team-stats-open.png */,
				AC99E80D18C049FA009B9DBD /* profile_grass.jpg */,
				ACA6C4E118BC628100091BE5 /* change-risk-bg2.png */,
				ACA6C4E318BC637E00091BE5 /* change-risk-bg2.fw.png */,
				AC99E7E418BD9D28009B9DBD /* charts_1.png */,
				AC99E7E518BD9D28009B9DBD /* charts_2.png */,
				AC99E7E618BD9D28009B9DBD /* charts_3.png */,
				AC99E7E718BD9D28009B9DBD /* charts_4.png */,
				AC99E7E818BD9D28009B9DBD /* charts_5.png */,
				AC17205C18B41C2B00A0274F /* change-risk-bg.png */,
				AC17205D18B41C2B00A0274F /* change-risk-indicator.png */,
				AC17205F18B41C2B00A0274F /* icon-triangle-down-green.png */,
				AC17206018B41C2B00A0274F /* icon-triangle-dropdown-blue.png */,
				AC17209A18B46EA400A0274F /* header.png */,
				AC17206118B41C2B00A0274F /* icon-triangle-up-red.png */,
				AC17206218B41C2B00A0274F /* icons-fit-green.png */,
				ACA6C4C818BACC6400091BE5 /* player-bg-top.png */,
				AC17206318B41C2B00A0274F /* icons-fit-orange.png */,
				AC17206418B41C2B00A0274F /* icons-fit-red.png */,
				AC17206518B41C2B00A0274F /* icons-fit.png */,
				AC17206618B41C2B00A0274F /* icons-risk-green.png */,
				AC17206718B41C2B00A0274F /* icons-risk-orange.png */,
				AC17206818B41C2B00A0274F /* icons-risk-red.png */,
				AC17206918B41C2B00A0274F /* icons-risk.png */,
				AC17206A18B41C2B00A0274F /* icons-well-green.png */,
				AC17206B18B41C2B00A0274F /* icons-well-orange.png */,
				AC17206C18B41C2B00A0274F /* icons-well-red.png */,
				AC17206D18B41C2B00A0274F /* icons-well.png */,
				AC17206E18B41C2B00A0274F /* player-risk-box.png */,
				AC17206F18B41C2B00A0274F /* player-search-box.png */,
				AC17207018B41C2B00A0274F /* stats1.png */,
				AC17207118B41C2B00A0274F /* stats2.png */,
				AC17207218B41C2B00A0274F /* stats3.png */,
				AC17207318B41C2B00A0274F /* stats4.png */,
				AC17207418B41C2B00A0274F /* stats5.png */,
				AC17207518B41C2B00A0274F /* tabs-fit.png */,
				AC17207618B41C2B00A0274F /* tabs-risk.png */,
				AC17207718B41C2B00A0274F /* tabs-well.png */,
			);
			name = Images;
			path = "players 2/Images";
			sourceTree = "<group>";
		};
		AC1720BA18B572C200A0274F /* Categories */ = {
			isa = PBXGroup;
			children = (
				AC1720BB18B572E200A0274F /* UIView+drawLines.h */,
				AC1720BC18B572E200A0274F /* UIView+drawLines.m */,
			);
			name = Categories;
			sourceTree = "<group>";
		};
		AC29EF121BA7B4FA005406DA /* Fonts */ = {
			isa = PBXGroup;
			children = (
				AC29EF131BA7B4FA005406DA /* zurich-cn-bt-bold.ttf */,
				AC29EF141BA7B4FA005406DA /* Zurich__Condensed_BT.ttf */,
			);
			path = Fonts;
			sourceTree = "<group>";
		};
		AC76771718ADB62B00664E8C /* Artifacts */ = {
			isa = PBXGroup;
			children = (
				AC17205518B41C2B00A0274F /* Images */,
				AC17201B18B2D84B00A0274F /* players */,
				AC76771518AD974000664E8C /* Options.plist */,
				AC76771118AC85B600664E8C /* PlayerProfile.csv */,
				AC76770918AC71FA00664E8C /* Player.png */,
				AC1720E018B7170200A0274F /* player-bg-bottom.png */,
				AC1720E118B7170200A0274F /* player-bg-top.png */,
				AC1720E218B7170200A0274F /* player-indicator-container.png */,
				AC76770F18AC856800664E8C /* PlayerData.json */,
				AC1720D918B7026A00A0274F /* Wellness.json */,
				AC76771318AC891E00664E8C /* PlayerProfile.json */,
				AC29EF171BA7DD59005406DA /* SoldierProfile.json */,
			);
			name = Artifacts;
			sourceTree = "<group>";
		};
		AC76771D18ADC0B900664E8C /* View Controllers */ = {
			isa = PBXGroup;
			children = (
				02E25B1E168B74B0009CA089 /* PlayerProfileViewController.h */,
				02E25B1F168B74B0009CA089 /* PlayerProfileViewController.m */,
				02E25B21168B74B0009CA089 /* PlayerProfileViewController.xib */,
				AC76771818ADC0AB00664E8C /* TeamStatsViewController.h */,
				AC76771918ADC0AB00664E8C /* TeamStatsViewController.m */,
				AC76771A18ADC0AB00664E8C /* TeamStatsViewController.xib */,
				AC17201618B1AD3400A0274F /* PlayerDetailViewController.h */,
				AC17201718B1AD3400A0274F /* PlayerDetailViewController.m */,
				AC17201818B1AD3400A0274F /* PlayerDetailViewController.xib */,
				ACA6C4D618BC4E1500091BE5 /* RiskEditViewController.h */,
				ACA6C4D718BC4E1500091BE5 /* RiskEditViewController.m */,
				ACA6C4D818BC4E1500091BE5 /* RiskEditViewController.xib */,
				ACB116F71A15C2F700002A96 /* StatsVC.h */,
				ACB116F81A15C2F700002A96 /* StatsVC.m */,
				ACB116F91A15C2F700002A96 /* StatsVC.xib */,
			);
			name = "View Controllers";
			sourceTree = "<group>";
		};
/* End PBXGroup section */

/* Begin PBXNativeTarget section */
		02E25B01168B74B0009CA089 /* Waratahs */ = {
			isa = PBXNativeTarget;
			buildConfigurationList = 02E25B26168B74B0009CA089 /* Build configuration list for PBXNativeTarget "Waratahs" */;
			buildPhases = (
				1C24C6C79D0846EEBA9B7D5E /* Check Pods Manifest.lock */,
				02E25AFE168B74B0009CA089 /* Sources */,
				02E25AFF168B74B0009CA089 /* Frameworks */,
				02E25B00168B74B0009CA089 /* Resources */,
				78DC48B079A74578B8D6A9E6 /* Copy Pods Resources */,
			);
			buildRules = (
			);
			dependencies = (
			);
			name = Waratahs;
			productName = QuiltDemo;
			productReference = 02E25B02168B74B0009CA089 /* Performance.app */;
			productType = "com.apple.product-type.application";
		};
/* End PBXNativeTarget section */

/* Begin PBXProject section */
		02E25AF9168B74B0009CA089 /* Project object */ = {
			isa = PBXProject;
			attributes = {
				CLASSPREFIX = RF;
				LastUpgradeCheck = 0450;
				ORGANIZATIONNAME = "Bryce Redd";
				TargetAttributes = {
					02E25B01168B74B0009CA089 = {
						DevelopmentTeam = MPH356C628;
					};
				};
			};
			buildConfigurationList = 02E25AFC168B74B0009CA089 /* Build configuration list for PBXProject "Waratahs" */;
			compatibilityVersion = "Xcode 3.2";
			developmentRegion = English;
			hasScannedForEncodings = 0;
			knownRegions = (
				en,
			);
			mainGroup = 02E25AF7168B74B0009CA089;
			productRefGroup = 02E25B03168B74B0009CA089 /* Products */;
			projectDirPath = "";
			projectRoot = "";
			targets = (
				02E25B01168B74B0009CA089 /* Waratahs */,
			);
		};
/* End PBXProject section */

/* Begin PBXResourcesBuildPhase section */
		02E25B00168B74B0009CA089 /* Resources */ = {
			isa = PBXResourcesBuildPhase;
			buildActionMask = 2147483647;
			files = (
				7F70B46A19B9A26500FDA1E6 /* Tatafu_Polota_Nau.png in Resources */,
				AC99E80E18C049FA009B9DBD /* profile_grass.jpg in Resources */,
				AC17208418B41C2B00A0274F /* icons-fit-green.png in Resources */,
				7F70B45119B9A26500FDA1E6 /* Jacques_Potgieter_profile.png in Resources */,
				AC76770618AC6F9400664E8C /* PlayerProfileCollectionCell.xib in Resources */,
				7F70B45E19B9A26500FDA1E6 /* Michael_Hooper_profile.png in Resources */,
				AC17207F18B41C2B00A0274F /* change-risk-indicator.png in Resources */,
				7F70B46B19B9A26500FDA1E6 /* Israel_Folau.png in Resources */,
				AC99E81618C05BF6009B9DBD /* app_icon.png in Resources */,
				AC17207918B41C2B00A0274F /* btn-change-risk.png in Resources */,
				AC17209318B41C2B00A0274F /* stats2.png in Resources */,
				AC17207C18B41C2B00A0274F /* btn-team-stats-close.png in Resources */,
				7F70B46319B9A26500FDA1E6 /* Rob_Horne.png in Resources */,
				7F70B45C19B9A26500FDA1E6 /* Tatafu_Polota_Nau_profile.png in Resources */,
				AC99E81518C05BF6009B9DBD /* app_icon_small.png in Resources */,
				AC17209018B41C2B00A0274F /* player-risk-box.png in Resources */,
				7F70B45F19B9A26500FDA1E6 /* Sekope_Kepu_profile.png in Resources */,
				AC29EF151BA7B4FA005406DA /* zurich-cn-bt-bold.ttf in Resources */,
				7F70B45219B9A26500FDA1E6 /* Rob_Horne_profile.png in Resources */,
				AC17209218B41C2B00A0274F /* stats1.png in Resources */,
				AC17209718B41C2B00A0274F /* tabs-fit.png in Resources */,
				AC17209918B41C2B00A0274F /* tabs-well.png in Resources */,
				AC17208B18B41C2B00A0274F /* icons-risk.png in Resources */,
				7F70B45819B9A26500FDA1E6 /* Nick_Phipps_profile.png in Resources */,
				AC17208E18B41C2B00A0274F /* icons-well-red.png in Resources */,
				7F70B46519B9A26500FDA1E6 /* Adam_Ashley-Cooper.png in Resources */,
				7F70B45619B9A26500FDA1E6 /* Benn_Robinson_profile.png in Resources */,
				ACB116FB1A15C2F700002A96 /* StatsVC.xib in Resources */,
				AC99E7EC18BD9D28009B9DBD /* charts_4.png in Resources */,
				AC17208118B41C2B00A0274F /* icon-triangle-down-green.png in Resources */,
				7F8F80CC19C66CCF005AC35D /* Wycliff_Palu.png in Resources */,
				7F70B46E19B9A26500FDA1E6 /* Michael_Hooper.png in Resources */,
				AC29EF1C1BA7F598005406DA /* PlayerSearchCell.xib in Resources */,
				AC17207A18B41C2B00A0274F /* btn-close.png in Resources */,
				AC1720C918B5967A00A0274F /* FitnessView.xib in Resources */,
				AC76770A18AC71FA00664E8C /* Player.png in Resources */,
				AC17209818B41C2B00A0274F /* tabs-risk.png in Resources */,
				7F70B46119B9A26500FDA1E6 /* Wycliff_Paul.png in Resources */,
				AC1720C318B587D600A0274F /* tab-selected.png in Resources */,
				AC99E7EB18BD9D28009B9DBD /* charts_3.png in Resources */,
				02E25B11168B74B0009CA089 /* InfoPlist.strings in Resources */,
				AC29EF181BA7DD59005406DA /* SoldierProfile.json in Resources */,
				AC17208818B41C2B00A0274F /* icons-risk-green.png in Resources */,
				7F70B46D19B9A26500FDA1E6 /* Sekope_Kepu.png in Resources */,
				7F70B45719B9A26500FDA1E6 /* Bernard_Foley_profile.png in Resources */,
				ACA6C4D518BC420100091BE5 /* Images.xcassets in Resources */,
				AC17208918B41C2B00A0274F /* icons-risk-orange.png in Resources */,
				7F70B45B19B9A26500FDA1E6 /* Kurtley_Beale_profile.png in Resources */,
				AC29EF161BA7B4FA005406DA /* Zurich__Condensed_BT.ttf in Resources */,
				AC17207D18B41C2B00A0274F /* btn-team-stats-open.png in Resources */,
				7F70B46619B9A26500FDA1E6 /* Benn_Robinson.png in Resources */,
				7F70B45519B9A26500FDA1E6 /* Adam_Ashley-Cooper_profile.png in Resources */,
				AC17209118B41C2B00A0274F /* player-search-box.png in Resources */,
				AC17208D18B41C2B00A0274F /* icons-well-orange.png in Resources */,
				AC17209418B41C2B00A0274F /* stats3.png in Resources */,
				AC76771C18ADC0AB00664E8C /* TeamStatsViewController.xib in Resources */,
				AC99E7EA18BD9D28009B9DBD /* charts_2.png in Resources */,
				AC99E7ED18BD9D28009B9DBD /* charts_5.png in Resources */,
				AC99E81718C05BF6009B9DBD /* load_screen_small.png in Resources */,
				AC17207E18B41C2B00A0274F /* change-risk-bg.png in Resources */,
				AC1720DF18B7136800A0274F /* WellnessView.xib in Resources */,
				02E25B19168B74B0009CA089 /* Default.png in Resources */,
				02E25B1B168B74B0009CA089 /* Default@2x.png in Resources */,
				7F70B46219B9A26500FDA1E6 /* Nick_Phipps.png in Resources */,
				AC99E7E918BD9D28009B9DBD /* charts_1.png in Resources */,
				AC17209618B41C2B00A0274F /* stats5.png in Resources */,
				AC99E7E318BD9432009B9DBD /* GraphCollectionCell.xib in Resources */,
				AC99E81818C05BF6009B9DBD /* load_screen.png in Resources */,
				7F8F80CE19C66CF8005AC35D /* Wycliff_Palu_profile.png in Resources */,
				7F70B46919B9A26500FDA1E6 /* Kane_Douglas.png in Resources */,
				7F70B46419B9A26500FDA1E6 /* Stephen_Holies.png in Resources */,
				ACA6C4E618BD64E700091BE5 /* scale.png in Resources */,
				ACA6C4E418BC637E00091BE5 /* change-risk-bg2.fw.png in Resources */,
				AC17208618B41C2B00A0274F /* icons-fit-red.png in Resources */,
				AC17209B18B46EA400A0274F /* header.png in Resources */,
				AC17208F18B41C2B00A0274F /* icons-well.png in Resources */,
				AC17208A18B41C2B00A0274F /* icons-risk-red.png in Resources */,
				AC99E81418C05BF6009B9DBD /* app_icon_non_retina.png in Resources */,
				7F70B46719B9A26500FDA1E6 /* Bernard_Foley.png in Resources */,
				AC1720C418B587D600A0274F /* tab-unselected.png in Resources */,
				7F70B46C19B9A26500FDA1E6 /* Kurtley_Beale.png in Resources */,
				7F70B46819B9A26500FDA1E6 /* Alofa_Alofa.png in Resources */,
				AC17207B18B41C2B00A0274F /* btn-overview.png in Resources */,
				AC76771018AC856800664E8C /* PlayerData.json in Resources */,
				AC17209518B41C2B00A0274F /* stats4.png in Resources */,
				02E25B1D168B74B0009CA089 /* Default-568h@2x.png in Resources */,
				AC17208318B41C2B00A0274F /* icon-triangle-up-red.png in Resources */,
				AC17207818B41C2B00A0274F /* background.png in Resources */,
				AC1720E418B7170200A0274F /* player-bg-top.png in Resources */,
				7F70B45A19B9A26500FDA1E6 /* Kane_Douglas_profile.png in Resources */,
				AC76771218AC85B600664E8C /* PlayerProfile.csv in Resources */,
				AC17208C18B41C2B00A0274F /* icons-well-green.png in Resources */,
				7F70B45319B9A26500FDA1E6 /* Stephen_Holies_profile.png in Resources */,
				AC1720E518B7170200A0274F /* player-indicator-container.png in Resources */,
				7F70B45D19B9A26500FDA1E6 /* Israel_Folau_profile.png in Resources */,
				AC1720CB18B5B01100A0274F /* RiskView.xib in Resources */,
				AC17208718B41C2B00A0274F /* icons-fit.png in Resources */,
				02E25B23168B74B0009CA089 /* PlayerProfileViewController.xib in Resources */,
				AC17208518B41C2B00A0274F /* icons-fit-orange.png in Resources */,
				AC17208218B41C2B00A0274F /* icon-triangle-dropdown-blue.png in Resources */,
				ACA6C4E218BC628100091BE5 /* change-risk-bg2.png in Resources */,
				AC76771618AD974000664E8C /* Options.plist in Resources */,
				ACA6C4DA18BC4E1500091BE5 /* RiskEditViewController.xib in Resources */,
				AC1720E318B7170200A0274F /* player-bg-bottom.png in Resources */,
				ACA6C4C918BACC6400091BE5 /* player-bg-top.png in Resources */,
				AC76771418AC891E00664E8C /* PlayerProfile.json in Resources */,
				7F70B46019B9A26500FDA1E6 /* Jacques_Potgieter.png in Resources */,
				AC17201A18B1AD3400A0274F /* PlayerDetailViewController.xib in Resources */,
				AC1720DA18B7026A00A0274F /* Wellness.json in Resources */,
				7F70B45919B9A26500FDA1E6 /* Alofa_Alofa_profile.png in Resources */,
			);
			runOnlyForDeploymentPostprocessing = 0;
		};
/* End PBXResourcesBuildPhase section */

/* Begin PBXShellScriptBuildPhase section */
		1C24C6C79D0846EEBA9B7D5E /* Check Pods Manifest.lock */ = {
			isa = PBXShellScriptBuildPhase;
			buildActionMask = 2147483647;
			files = (
			);
			inputPaths = (
			);
			name = "Check Pods Manifest.lock";
			outputPaths = (
			);
			runOnlyForDeploymentPostprocessing = 0;
			shellPath = /bin/sh;
			shellScript = "diff \"${PODS_ROOT}/../Podfile.lock\" \"${PODS_ROOT}/Manifest.lock\" > /dev/null\nif [[ $? != 0 ]] ; then\n    cat << EOM\nerror: The sandbox is not in sync with the Podfile.lock. Run 'pod install' or update your CocoaPods installation.\nEOM\n    exit 1\nfi\n";
			showEnvVarsInLog = 0;
		};
		78DC48B079A74578B8D6A9E6 /* Copy Pods Resources */ = {
			isa = PBXShellScriptBuildPhase;
			buildActionMask = 2147483647;
			files = (
			);
			inputPaths = (
			);
			name = "Copy Pods Resources";
			outputPaths = (
			);
			runOnlyForDeploymentPostprocessing = 0;
			shellPath = /bin/sh;
			shellScript = "\"${SRCROOT}/Pods/Pods-resources.sh\"\n";
			showEnvVarsInLog = 0;
		};
/* End PBXShellScriptBuildPhase section */

/* Begin PBXSourcesBuildPhase section */
		02E25AFE168B74B0009CA089 /* Sources */ = {
			isa = PBXSourcesBuildPhase;
			buildActionMask = 2147483647;
			files = (
				02E25B13168B74B0009CA089 /* main.m in Sources */,
				ACA6C4D918BC4E1500091BE5 /* RiskEditViewController.m in Sources */,
				AC1720BD18B572E200A0274F /* UIView+drawLines.m in Sources */,
				AC17204418B2DE1500A0274F /* DataModel.m in Sources */,
				AC99E7E218BD9432009B9DBD /* GraphCollectionCell.m in Sources */,
				AC1720CE18B5B03B00A0274F /* RiskView.m in Sources */,
				AC99E7DE18BD93B9009B9DBD /* RFGraphsCell.m in Sources */,
				AC17205218B3200000A0274F /* PlayerSearchCell.m in Sources */,
				ACB116FA1A15C2F700002A96 /* StatsVC.m in Sources */,
				AC1720D518B6F58B00A0274F /* Wellness.m in Sources */,
				02E25B17168B74B0009CA089 /* WaratahsAppDelegate.m in Sources */,
				ACA6C4CC18BACE5F00091BE5 /* Colours.m in Sources */,
				AC99E7DD18BD93B9009B9DBD /* RFGraphCollectionView.m in Sources */,
				AC17204C18B2DFFC00A0274F /* PlayerItems.m in Sources */,
				AC1720C718B5966800A0274F /* FitnessView.m in Sources */,
				AC76770218AC6F1A00664E8C /* PlayerProfileCollectionCell.m in Sources */,
				AC17204018B2DE0D00A0274F /* Model.m in Sources */,
				AC17201918B1AD3400A0274F /* PlayerDetailViewController.m in Sources */,
				AC17204918B2DF6900A0274F /* Player.m in Sources */,
				AC1720D818B6F70C00A0274F /* WellnessPlayers.m in Sources */,
				AC1720DD18B7135300A0274F /* WellnessView.m in Sources */,
				02E25B20168B74B0009CA089 /* PlayerProfileViewController.m in Sources */,
				AC17204118B2DE0D00A0274F /* ModelItems.m in Sources */,
				0239B55C168BB0F4008B8AD6 /* RFQuiltLayout.m in Sources */,
				AC17204F18B2E6AA00A0274F /* Utilities.m in Sources */,
				AC1720C018B5787A00A0274F /* TabBarView.m in Sources */,
				AC76771B18ADC0AB00664E8C /* TeamStatsViewController.m in Sources */,
			);
			runOnlyForDeploymentPostprocessing = 0;
		};
/* End PBXSourcesBuildPhase section */

/* Begin PBXVariantGroup section */
		02E25B0F168B74B0009CA089 /* InfoPlist.strings */ = {
			isa = PBXVariantGroup;
			children = (
				02E25B10168B74B0009CA089 /* en */,
			);
			name = InfoPlist.strings;
			sourceTree = "<group>";
		};
		02E25B21168B74B0009CA089 /* PlayerProfileViewController.xib */ = {
			isa = PBXVariantGroup;
			children = (
				02E25B22168B74B0009CA089 /* en */,
			);
			name = PlayerProfileViewController.xib;
			sourceTree = "<group>";
		};
/* End PBXVariantGroup section */

/* Begin XCBuildConfiguration section */
		02E25B24168B74B0009CA089 /* Debug */ = {
			isa = XCBuildConfiguration;
			buildSettings = {
				ALWAYS_SEARCH_USER_PATHS = NO;
				CLANG_CXX_LANGUAGE_STANDARD = "gnu++0x";
				CLANG_CXX_LIBRARY = "libc++";
				CLANG_ENABLE_OBJC_ARC = YES;
				CLANG_WARN_EMPTY_BODY = YES;
				CLANG_WARN__DUPLICATE_METHOD_MATCH = YES;
				CODE_SIGN_IDENTITY = "iPhone Developer: Pruthvi Onkar (8XL4JQGG97)";
				"CODE_SIGN_IDENTITY[sdk=iphoneos*]" = "iPhone Developer: Pruthvi Onkar (8XL4JQGG97)";
				COPY_PHASE_STRIP = NO;
				GCC_C_LANGUAGE_STANDARD = gnu99;
				GCC_DYNAMIC_NO_PIC = NO;
				GCC_OPTIMIZATION_LEVEL = 0;
				GCC_PREPROCESSOR_DEFINITIONS = (
					"DEBUG=1",
					"$(inherited)",
				);
				GCC_SYMBOLS_PRIVATE_EXTERN = NO;
				GCC_WARN_ABOUT_RETURN_TYPE = YES;
				GCC_WARN_UNINITIALIZED_AUTOS = YES;
				GCC_WARN_UNUSED_VARIABLE = YES;
				IPHONEOS_DEPLOYMENT_TARGET = 8.0;
				ONLY_ACTIVE_ARCH = YES;
				PROVISIONING_PROFILE = "32600214-31ed-4eed-b4fe-a7b75a9ade08";
				SDKROOT = iphoneos;
			};
			name = Debug;
		};
		02E25B25168B74B0009CA089 /* Release */ = {
			isa = XCBuildConfiguration;
			buildSettings = {
				ALWAYS_SEARCH_USER_PATHS = NO;
				CLANG_CXX_LANGUAGE_STANDARD = "gnu++0x";
				CLANG_CXX_LIBRARY = "libc++";
				CLANG_ENABLE_OBJC_ARC = YES;
				CLANG_WARN_EMPTY_BODY = YES;
				CLANG_WARN__DUPLICATE_METHOD_MATCH = YES;
				CODE_SIGN_IDENTITY = "iPhone Developer: Pruthvi Onkar (8XL4JQGG97)";
				"CODE_SIGN_IDENTITY[sdk=iphoneos*]" = "iPhone Developer: Pruthvi Onkar (8XL4JQGG97)";
				COPY_PHASE_STRIP = YES;
				GCC_C_LANGUAGE_STANDARD = gnu99;
				GCC_WARN_ABOUT_RETURN_TYPE = YES;
				GCC_WARN_UNINITIALIZED_AUTOS = YES;
				GCC_WARN_UNUSED_VARIABLE = YES;
				IPHONEOS_DEPLOYMENT_TARGET = 8.0;
				ONLY_ACTIVE_ARCH = YES;
				OTHER_CFLAGS = "-DNS_BLOCK_ASSERTIONS=1";
				PROVISIONING_PROFILE = "32600214-31ed-4eed-b4fe-a7b75a9ade08";
				SDKROOT = iphoneos;
				VALIDATE_PRODUCT = YES;
			};
			name = Release;
		};
		02E25B27168B74B0009CA089 /* Debug */ = {
			isa = XCBuildConfiguration;
			baseConfigurationReference = 6417E354C36240EFBF0B4129 /* Pods.xcconfig */;
			buildSettings = {
				CODE_SIGN_IDENTITY = "";
				"CODE_SIGN_IDENTITY[sdk=iphoneos*]" = "";
				GCC_PRECOMPILE_PREFIX_HEADER = YES;
				GCC_PREFIX_HEADER = "QuiltDemo/Waratahs-Prefix.pch";
				INFOPLIST_FILE = "QuiltDemo/Waratahs-Info.plist";
				IPHONEOS_DEPLOYMENT_TARGET = 7.0;
				PRODUCT_NAME = Performance;
				PROVISIONING_PROFILE = "5ada02cf-5bed-4087-81cc-fe4b339916b7";
				TARGETED_DEVICE_FAMILY = 2;
				WRAPPER_EXTENSION = app;
			};
			name = Debug;
		};
		02E25B28168B74B0009CA089 /* Release */ = {
			isa = XCBuildConfiguration;
			baseConfigurationReference = 6417E354C36240EFBF0B4129 /* Pods.xcconfig */;
			buildSettings = {
				CODE_SIGN_IDENTITY = "";
				"CODE_SIGN_IDENTITY[sdk=iphoneos*]" = "";
				GCC_PRECOMPILE_PREFIX_HEADER = YES;
				GCC_PREFIX_HEADER = "QuiltDemo/Waratahs-Prefix.pch";
				INFOPLIST_FILE = "QuiltDemo/Waratahs-Info.plist";
				IPHONEOS_DEPLOYMENT_TARGET = 7.0;
				PRODUCT_NAME = Performance;
				PROVISIONING_PROFILE = "5ada02cf-5bed-4087-81cc-fe4b339916b7";
				TARGETED_DEVICE_FAMILY = 2;
				WRAPPER_EXTENSION = app;
			};
			name = Release;
		};
/* End XCBuildConfiguration section */

/* Begin XCConfigurationList section */
		02E25AFC168B74B0009CA089 /* Build configuration list for PBXProject "Waratahs" */ = {
			isa = XCConfigurationList;
			buildConfigurations = (
				02E25B24168B74B0009CA089 /* Debug */,
				02E25B25168B74B0009CA089 /* Release */,
			);
			defaultConfigurationIsVisible = 0;
			defaultConfigurationName = Release;
		};
		02E25B26168B74B0009CA089 /* Build configuration list for PBXNativeTarget "Waratahs" */ = {
			isa = XCConfigurationList;
			buildConfigurations = (
				02E25B27168B74B0009CA089 /* Debug */,
				02E25B28168B74B0009CA089 /* Release */,
			);
			defaultConfigurationIsVisible = 0;
			defaultConfigurationName = Release;
		};
/* End XCConfigurationList section */
	};
	rootObject = 02E25AF9168B74B0009CA089 /* Project object */;
}
