// !$*UTF8*$!
{
	archiveVersion = 1;
	classes = {
	};
	objectVersion = 46;
	objects = {

/* Begin PBXBuildFile section */
		0239B55C168BB0F4008B8AD6 /* RFQuiltLayout.m in Sources */ = {isa = PBXBuildFile; fileRef = 0239B55B168BB0F4008B8AD6 /* RFQuiltLayout.m */; };
		026492D616D3628600992E42 /* CoreGraphics.framework in Frameworks */ = {isa = PBXBuildFile; fileRef = 026492D516D3628600992E42 /* CoreGraphics.framework */; };
		02E25B07168B74B0009CA089 /* UIKit.framework in Frameworks */ = {isa = PBXBuildFile; fileRef = 02E25B06168B74B0009CA089 /* UIKit.framework */; };
		02E25B09168B74B0009CA089 /* Foundation.framework in Frameworks */ = {isa = PBXBuildFile; fileRef = 02E25B08168B74B0009CA089 /* Foundation.framework */; };
		02E25B11168B74B0009CA089 /* InfoPlist.strings in Resources */ = {isa = PBXBuildFile; fileRef = 02E25B0F168B74B0009CA089 /* InfoPlist.strings */; };
		02E25B13168B74B0009CA089 /* main.m in Sources */ = {isa = PBXBuildFile; fileRef = 02E25B12168B74B0009CA089 /* main.m */; };
		02E25B17168B74B0009CA089 /* WaratahsAppDelegate.m in Sources */ = {isa = PBXBuildFile; fileRef = 02E25B16168B74B0009CA089 /* WaratahsAppDelegate.m */; };
		02E25B19168B74B0009CA089 /* Default.png in Resources */ = {isa = PBXBuildFile; fileRef = 02E25B18168B74B0009CA089 /* Default.png */; };
		02E25B1B168B74B0009CA089 /* Default@2x.png in Resources */ = {isa = PBXBuildFile; fileRef = 02E25B1A168B74B0009CA089 /* Default@2x.png */; };
		02E25B1D168B74B0009CA089 /* Default-568h@2x.png in Resources */ = {isa = PBXBuildFile; fileRef = 02E25B1C168B74B0009CA089 /* Default-568h@2x.png */; };
		02E25B20168B74B0009CA089 /* PlayerProfileViewController.m in Sources */ = {isa = PBXBuildFile; fileRef = 02E25B1F168B74B0009CA089 /* PlayerProfileViewController.m */; };
		02E25B23168B74B0009CA089 /* PlayerProfileViewController.xib in Resources */ = {isa = PBXBuildFile; fileRef = 02E25B21168B74B0009CA089 /* PlayerProfileViewController.xib */; };
		4986E711275F49DEBC435215 /* libPods.a in Frameworks */ = {isa = PBXBuildFile; fileRef = 802C3D7354E4481C9CAFC53E /* libPods.a */; };
		AC17201918B1AD3400A0274F /* PlayerDetailViewController.m in Sources */ = {isa = PBXBuildFile; fileRef = AC17201718B1AD3400A0274F /* PlayerDetailViewController.m */; };
		AC17201A18B1AD3400A0274F /* PlayerDetailViewController.xib in Resources */ = {isa = PBXBuildFile; fileRef = AC17201818B1AD3400A0274F /* PlayerDetailViewController.xib */; };
		AC17202C18B2D84B00A0274F /* Al_Baxter.png in Resources */ = {isa = PBXBuildFile; fileRef = AC17201C18B2D84B00A0274F /* Al_Baxter.png */; };
		AC17202D18B2D84B00A0274F /* Ben_Jacobs.png in Resources */ = {isa = PBXBuildFile; fileRef = AC17201D18B2D84B00A0274F /* Ben_Jacobs.png */; };
		AC17202E18B2D84B00A0274F /* Benn_Robinson.png in Resources */ = {isa = PBXBuildFile; fileRef = AC17201E18B2D84B00A0274F /* Benn_Robinson.png */; };
		AC17202F18B2D84B00A0274F /* Berrick_Barnes.png in Resources */ = {isa = PBXBuildFile; fileRef = AC17201F18B2D84B00A0274F /* Berrick_Barnes.png */; };
		AC17203018B2D84B00A0274F /* Chris_Whitaker.png in Resources */ = {isa = PBXBuildFile; fileRef = AC17202018B2D84B00A0274F /* Chris_Whitaker.png */; };
		AC17203118B2D84B00A0274F /* Damien_Fitzpatrick.png in Resources */ = {isa = PBXBuildFile; fileRef = AC17202118B2D84B00A0274F /* Damien_Fitzpatrick.png */; };
		AC17203218B2D84B00A0274F /* Daniel_Halangahu.png in Resources */ = {isa = PBXBuildFile; fileRef = AC17202218B2D84B00A0274F /* Daniel_Halangahu.png */; };
		AC17203318B2D84B00A0274F /* Daniel_Vickerman.png in Resources */ = {isa = PBXBuildFile; fileRef = AC17202318B2D84B00A0274F /* Daniel_Vickerman.png */; };
		AC17203418B2D84B00A0274F /* David_Lyons.png in Resources */ = {isa = PBXBuildFile; fileRef = AC17202418B2D84B00A0274F /* David_Lyons.png */; };
		AC17203518B2D84B00A0274F /* Dean_Mumm.png in Resources */ = {isa = PBXBuildFile; fileRef = AC17202518B2D84B00A0274F /* Dean_Mumm.png */; };
		AC17203618B2D84B00A0274F /* Drew_Mitchell.png in Resources */ = {isa = PBXBuildFile; fileRef = AC17202618B2D84B00A0274F /* Drew_Mitchell.png */; };
		AC17203718B2D84B00A0274F /* Mat_Rogers.png in Resources */ = {isa = PBXBuildFile; fileRef = AC17202718B2D84B00A0274F /* Mat_Rogers.png */; };
		AC17203818B2D84B00A0274F /* Polota_Nau.png in Resources */ = {isa = PBXBuildFile; fileRef = AC17202818B2D84B00A0274F /* Polota_Nau.png */; };
		AC17203918B2D84B00A0274F /* Phil_Waugh.png in Resources */ = {isa = PBXBuildFile; fileRef = AC17202918B2D84B00A0274F /* Phil_Waugh.png */; };
		AC17203A18B2D84B00A0274F /* Rocky_Elsom.png in Resources */ = {isa = PBXBuildFile; fileRef = AC17202A18B2D84B00A0274F /* Rocky_Elsom.png */; };
		AC17203B18B2D84B00A0274F /* Tom_Carter.png in Resources */ = {isa = PBXBuildFile; fileRef = AC17202B18B2D84B00A0274F /* Tom_Carter.png */; };
		AC17204018B2DE0D00A0274F /* Model.m in Sources */ = {isa = PBXBuildFile; fileRef = AC17203D18B2DE0D00A0274F /* Model.m */; };
		AC17204118B2DE0D00A0274F /* ModelItems.m in Sources */ = {isa = PBXBuildFile; fileRef = AC17203F18B2DE0D00A0274F /* ModelItems.m */; };
		AC17204418B2DE1500A0274F /* DataModel.m in Sources */ = {isa = PBXBuildFile; fileRef = AC17204318B2DE1500A0274F /* DataModel.m */; };
		AC17204918B2DF6900A0274F /* Player.m in Sources */ = {isa = PBXBuildFile; fileRef = AC17204818B2DF6900A0274F /* Player.m */; };
		AC17204C18B2DFFC00A0274F /* PlayerItems.m in Sources */ = {isa = PBXBuildFile; fileRef = AC17204B18B2DFFC00A0274F /* PlayerItems.m */; };
		AC17204F18B2E6AA00A0274F /* Utilities.m in Sources */ = {isa = PBXBuildFile; fileRef = AC17204E18B2E6AA00A0274F /* Utilities.m */; };
		AC17205218B3200000A0274F /* PlayerSearchCell.m in Sources */ = {isa = PBXBuildFile; fileRef = AC17205118B3200000A0274F /* PlayerSearchCell.m */; };
		AC17205418B3202100A0274F /* PlayerSearchCell.xib in Resources */ = {isa = PBXBuildFile; fileRef = AC17205318B3202100A0274F /* PlayerSearchCell.xib */; };
		AC17207818B41C2B00A0274F /* background.png in Resources */ = {isa = PBXBuildFile; fileRef = AC17205618B41C2B00A0274F /* background.png */; };
		AC17207918B41C2B00A0274F /* btn-change-risk.png in Resources */ = {isa = PBXBuildFile; fileRef = AC17205718B41C2B00A0274F /* btn-change-risk.png */; };
		AC17207A18B41C2B00A0274F /* btn-close.png in Resources */ = {isa = PBXBuildFile; fileRef = AC17205818B41C2B00A0274F /* btn-close.png */; };
		AC17207B18B41C2B00A0274F /* btn-overview.png in Resources */ = {isa = PBXBuildFile; fileRef = AC17205918B41C2B00A0274F /* btn-overview.png */; };
		AC17207C18B41C2B00A0274F /* btn-team-stats-close.png in Resources */ = {isa = PBXBuildFile; fileRef = AC17205A18B41C2B00A0274F /* btn-team-stats-close.png */; };
		AC17207D18B41C2B00A0274F /* btn-team-stats-open.png in Resources */ = {isa = PBXBuildFile; fileRef = AC17205B18B41C2B00A0274F /* btn-team-stats-open.png */; };
		AC17207E18B41C2B00A0274F /* change-risk-bg.png in Resources */ = {isa = PBXBuildFile; fileRef = AC17205C18B41C2B00A0274F /* change-risk-bg.png */; };
		AC17207F18B41C2B00A0274F /* change-risk-indicator.png in Resources */ = {isa = PBXBuildFile; fileRef = AC17205D18B41C2B00A0274F /* change-risk-indicator.png */; };
		AC17208118B41C2B00A0274F /* icon-triangle-down-green.png in Resources */ = {isa = PBXBuildFile; fileRef = AC17205F18B41C2B00A0274F /* icon-triangle-down-green.png */; };
		AC17208218B41C2B00A0274F /* icon-triangle-dropdown-blue.png in Resources */ = {isa = PBXBuildFile; fileRef = AC17206018B41C2B00A0274F /* icon-triangle-dropdown-blue.png */; };
		AC17208318B41C2B00A0274F /* icon-triangle-up-red.png in Resources */ = {isa = PBXBuildFile; fileRef = AC17206118B41C2B00A0274F /* icon-triangle-up-red.png */; };
		AC17208418B41C2B00A0274F /* icons-fit-green.png in Resources */ = {isa = PBXBuildFile; fileRef = AC17206218B41C2B00A0274F /* icons-fit-green.png */; };
		AC17208518B41C2B00A0274F /* icons-fit-orange.png in Resources */ = {isa = PBXBuildFile; fileRef = AC17206318B41C2B00A0274F /* icons-fit-orange.png */; };
		AC17208618B41C2B00A0274F /* icons-fit-red.png in Resources */ = {isa = PBXBuildFile; fileRef = AC17206418B41C2B00A0274F /* icons-fit-red.png */; };
		AC17208718B41C2B00A0274F /* icons-fit.png in Resources */ = {isa = PBXBuildFile; fileRef = AC17206518B41C2B00A0274F /* icons-fit.png */; };
		AC17208818B41C2B00A0274F /* icons-risk-green.png in Resources */ = {isa = PBXBuildFile; fileRef = AC17206618B41C2B00A0274F /* icons-risk-green.png */; };
		AC17208918B41C2B00A0274F /* icons-risk-orange.png in Resources */ = {isa = PBXBuildFile; fileRef = AC17206718B41C2B00A0274F /* icons-risk-orange.png */; };
		AC17208A18B41C2B00A0274F /* icons-risk-red.png in Resources */ = {isa = PBXBuildFile; fileRef = AC17206818B41C2B00A0274F /* icons-risk-red.png */; };
		AC17208B18B41C2B00A0274F /* icons-risk.png in Resources */ = {isa = PBXBuildFile; fileRef = AC17206918B41C2B00A0274F /* icons-risk.png */; };
		AC17208C18B41C2B00A0274F /* icons-well-green.png in Resources */ = {isa = PBXBuildFile; fileRef = AC17206A18B41C2B00A0274F /* icons-well-green.png */; };
		AC17208D18B41C2B00A0274F /* icons-well-orange.png in Resources */ = {isa = PBXBuildFile; fileRef = AC17206B18B41C2B00A0274F /* icons-well-orange.png */; };
		AC17208E18B41C2B00A0274F /* icons-well-red.png in Resources */ = {isa = PBXBuildFile; fileRef = AC17206C18B41C2B00A0274F /* icons-well-red.png */; };
		AC17208F18B41C2B00A0274F /* icons-well.png in Resources */ = {isa = PBXBuildFile; fileRef = AC17206D18B41C2B00A0274F /* icons-well.png */; };
		AC17209018B41C2B00A0274F /* player-risk-box.png in Resources */ = {isa = PBXBuildFile; fileRef = AC17206E18B41C2B00A0274F /* player-risk-box.png */; };
		AC17209118B41C2B00A0274F /* player-search-box.png in Resources */ = {isa = PBXBuildFile; fileRef = AC17206F18B41C2B00A0274F /* player-search-box.png */; };
		AC17209218B41C2B00A0274F /* stats1.png in Resources */ = {isa = PBXBuildFile; fileRef = AC17207018B41C2B00A0274F /* stats1.png */; };
		AC17209318B41C2B00A0274F /* stats2.png in Resources */ = {isa = PBXBuildFile; fileRef = AC17207118B41C2B00A0274F /* stats2.png */; };
		AC17209418B41C2B00A0274F /* stats3.png in Resources */ = {isa = PBXBuildFile; fileRef = AC17207218B41C2B00A0274F /* stats3.png */; };
		AC17209518B41C2B00A0274F /* stats4.png in Resources */ = {isa = PBXBuildFile; fileRef = AC17207318B41C2B00A0274F /* stats4.png */; };
		AC17209618B41C2B00A0274F /* stats5.png in Resources */ = {isa = PBXBuildFile; fileRef = AC17207418B41C2B00A0274F /* stats5.png */; };
		AC17209718B41C2B00A0274F /* tabs-fit.png in Resources */ = {isa = PBXBuildFile; fileRef = AC17207518B41C2B00A0274F /* tabs-fit.png */; };
		AC17209818B41C2B00A0274F /* tabs-risk.png in Resources */ = {isa = PBXBuildFile; fileRef = AC17207618B41C2B00A0274F /* tabs-risk.png */; };
		AC17209918B41C2B00A0274F /* tabs-well.png in Resources */ = {isa = PBXBuildFile; fileRef = AC17207718B41C2B00A0274F /* tabs-well.png */; };
		AC17209B18B46EA400A0274F /* header.png in Resources */ = {isa = PBXBuildFile; fileRef = AC17209A18B46EA400A0274F /* header.png */; };
		AC1720AB18B473D800A0274F /* Al_Baxter_profile.png in Resources */ = {isa = PBXBuildFile; fileRef = AC17209C18B473D800A0274F /* Al_Baxter_profile.png */; };
		AC1720AC18B473D800A0274F /* Ben_Jacobs_profile.png in Resources */ = {isa = PBXBuildFile; fileRef = AC17209D18B473D800A0274F /* Ben_Jacobs_profile.png */; };
		AC1720AD18B473D800A0274F /* Benn_Robinson_profile.png in Resources */ = {isa = PBXBuildFile; fileRef = AC17209E18B473D800A0274F /* Benn_Robinson_profile.png */; };
		AC1720AE18B473D800A0274F /* Berrick_Barnes_profile.png in Resources */ = {isa = PBXBuildFile; fileRef = AC17209F18B473D800A0274F /* Berrick_Barnes_profile.png */; };
		AC1720AF18B473D800A0274F /* Chris_Whitaker_profile.png in Resources */ = {isa = PBXBuildFile; fileRef = AC1720A018B473D800A0274F /* Chris_Whitaker_profile.png */; };
		AC1720B018B473D800A0274F /* Damien_Fitzpatrick_profile.png in Resources */ = {isa = PBXBuildFile; fileRef = AC1720A118B473D800A0274F /* Damien_Fitzpatrick_profile.png */; };
		AC1720B118B473D800A0274F /* Daniel_Halangahu_profile.png in Resources */ = {isa = PBXBuildFile; fileRef = AC1720A218B473D800A0274F /* Daniel_Halangahu_profile.png */; };
		AC1720B218B473D800A0274F /* Daniel_Vickerman_profile.png in Resources */ = {isa = PBXBuildFile; fileRef = AC1720A318B473D800A0274F /* Daniel_Vickerman_profile.png */; };
		AC1720B318B473D800A0274F /* David_Lyons_profile.png in Resources */ = {isa = PBXBuildFile; fileRef = AC1720A418B473D800A0274F /* David_Lyons_profile.png */; };
		AC1720B418B473D800A0274F /* Dean_Mumm_profile.png in Resources */ = {isa = PBXBuildFile; fileRef = AC1720A518B473D800A0274F /* Dean_Mumm_profile.png */; };
		AC1720B518B473D800A0274F /* Drew_Mitchell_profile.png in Resources */ = {isa = PBXBuildFile; fileRef = AC1720A618B473D800A0274F /* Drew_Mitchell_profile.png */; };
		AC1720B618B473D800A0274F /* Mat_Rogers_profile.png in Resources */ = {isa = PBXBuildFile; fileRef = AC1720A718B473D800A0274F /* Mat_Rogers_profile.png */; };
		AC1720B718B473D800A0274F /* Phil_Waugh_profile.png in Resources */ = {isa = PBXBuildFile; fileRef = AC1720A818B473D800A0274F /* Phil_Waugh_profile.png */; };
		AC1720B818B473D800A0274F /* Rocky_Elsom_profile.png in Resources */ = {isa = PBXBuildFile; fileRef = AC1720A918B473D800A0274F /* Rocky_Elsom_profile.png */; };
		AC1720B918B473D800A0274F /* Tom_Carter_profile.png in Resources */ = {isa = PBXBuildFile; fileRef = AC1720AA18B473D800A0274F /* Tom_Carter_profile.png */; };
		AC76770218AC6F1A00664E8C /* PlayerProfileCollectionCell.m in Sources */ = {isa = PBXBuildFile; fileRef = AC76770118AC6F1A00664E8C /* PlayerProfileCollectionCell.m */; };
		AC76770618AC6F9400664E8C /* PlayerProfileCollectionCell.xib in Resources */ = {isa = PBXBuildFile; fileRef = AC76770518AC6F9400664E8C /* PlayerProfileCollectionCell.xib */; };
		AC76770818AC702900664E8C /* cafe.jpg in Resources */ = {isa = PBXBuildFile; fileRef = AC76770718AC702900664E8C /* cafe.jpg */; };
		AC76770A18AC71FA00664E8C /* Player.png in Resources */ = {isa = PBXBuildFile; fileRef = AC76770918AC71FA00664E8C /* Player.png */; };
		AC76770C18AC807B00664E8C /* SortButton.png in Resources */ = {isa = PBXBuildFile; fileRef = AC76770B18AC807B00664E8C /* SortButton.png */; };
		AC76770E18AC808900664E8C /* FilterButton.png in Resources */ = {isa = PBXBuildFile; fileRef = AC76770D18AC808900664E8C /* FilterButton.png */; };
		AC76771018AC856800664E8C /* PlayerData.json in Resources */ = {isa = PBXBuildFile; fileRef = AC76770F18AC856800664E8C /* PlayerData.json */; };
		AC76771218AC85B600664E8C /* PlayerProfile.csv in Resources */ = {isa = PBXBuildFile; fileRef = AC76771118AC85B600664E8C /* PlayerProfile.csv */; };
		AC76771418AC891E00664E8C /* PlayerProfile.json in Resources */ = {isa = PBXBuildFile; fileRef = AC76771318AC891E00664E8C /* PlayerProfile.json */; };
		AC76771618AD974000664E8C /* Options.plist in Resources */ = {isa = PBXBuildFile; fileRef = AC76771518AD974000664E8C /* Options.plist */; };
		AC76771B18ADC0AB00664E8C /* TeamStatsViewController.m in Sources */ = {isa = PBXBuildFile; fileRef = AC76771918ADC0AB00664E8C /* TeamStatsViewController.m */; };
		AC76771C18ADC0AB00664E8C /* TeamStatsViewController.xib in Resources */ = {isa = PBXBuildFile; fileRef = AC76771A18ADC0AB00664E8C /* TeamStatsViewController.xib */; };
/* End PBXBuildFile section */

/* Begin PBXFileReference section */
		0239B55A168BB0F4008B8AD6 /* RFQuiltLayout.h */ = {isa = PBXFileReference; fileEncoding = 4; lastKnownFileType = sourcecode.c.h; name = RFQuiltLayout.h; path = RFQuiltLayout/RFQuiltLayout.h; sourceTree = SOURCE_ROOT; };
		0239B55B168BB0F4008B8AD6 /* RFQuiltLayout.m */ = {isa = PBXFileReference; fileEncoding = 4; lastKnownFileType = sourcecode.c.objc; name = RFQuiltLayout.m; path = RFQuiltLayout/RFQuiltLayout.m; sourceTree = SOURCE_ROOT; };
		026492D516D3628600992E42 /* CoreGraphics.framework */ = {isa = PBXFileReference; lastKnownFileType = wrapper.framework; name = CoreGraphics.framework; path = System/Library/Frameworks/CoreGraphics.framework; sourceTree = SDKROOT; };
		02E25B02168B74B0009CA089 /* Waratahs.app */ = {isa = PBXFileReference; explicitFileType = wrapper.application; includeInIndex = 0; path = Waratahs.app; sourceTree = BUILT_PRODUCTS_DIR; };
		02E25B06168B74B0009CA089 /* UIKit.framework */ = {isa = PBXFileReference; lastKnownFileType = wrapper.framework; name = UIKit.framework; path = System/Library/Frameworks/UIKit.framework; sourceTree = SDKROOT; };
		02E25B08168B74B0009CA089 /* Foundation.framework */ = {isa = PBXFileReference; lastKnownFileType = wrapper.framework; name = Foundation.framework; path = System/Library/Frameworks/Foundation.framework; sourceTree = SDKROOT; };
		02E25B0E168B74B0009CA089 /* Waratahs-Info.plist */ = {isa = PBXFileReference; lastKnownFileType = text.plist.xml; path = "Waratahs-Info.plist"; sourceTree = "<group>"; };
		02E25B10168B74B0009CA089 /* en */ = {isa = PBXFileReference; lastKnownFileType = text.plist.strings; name = en; path = en.lproj/InfoPlist.strings; sourceTree = "<group>"; };
		02E25B12168B74B0009CA089 /* main.m */ = {isa = PBXFileReference; lastKnownFileType = sourcecode.c.objc; path = main.m; sourceTree = "<group>"; };
		02E25B14168B74B0009CA089 /* Waratahs-Prefix.pch */ = {isa = PBXFileReference; lastKnownFileType = sourcecode.c.h; path = "Waratahs-Prefix.pch"; sourceTree = "<group>"; };
		02E25B15168B74B0009CA089 /* WaratahsAppDelegate.h */ = {isa = PBXFileReference; lastKnownFileType = sourcecode.c.h; path = WaratahsAppDelegate.h; sourceTree = "<group>"; };
		02E25B16168B74B0009CA089 /* WaratahsAppDelegate.m */ = {isa = PBXFileReference; lastKnownFileType = sourcecode.c.objc; path = WaratahsAppDelegate.m; sourceTree = "<group>"; };
		02E25B18168B74B0009CA089 /* Default.png */ = {isa = PBXFileReference; lastKnownFileType = image.png; path = Default.png; sourceTree = "<group>"; };
		02E25B1A168B74B0009CA089 /* Default@2x.png */ = {isa = PBXFileReference; lastKnownFileType = image.png; path = "Default@2x.png"; sourceTree = "<group>"; };
		02E25B1C168B74B0009CA089 /* Default-568h@2x.png */ = {isa = PBXFileReference; lastKnownFileType = image.png; path = "Default-568h@2x.png"; sourceTree = "<group>"; };
		02E25B1E168B74B0009CA089 /* PlayerProfileViewController.h */ = {isa = PBXFileReference; lastKnownFileType = sourcecode.c.h; path = PlayerProfileViewController.h; sourceTree = "<group>"; };
		02E25B1F168B74B0009CA089 /* PlayerProfileViewController.m */ = {isa = PBXFileReference; lastKnownFileType = sourcecode.c.objc; path = PlayerProfileViewController.m; sourceTree = "<group>"; };
		02E25B22168B74B0009CA089 /* en */ = {isa = PBXFileReference; lastKnownFileType = file.xib; name = en; path = en.lproj/PlayerProfileViewController.xib; sourceTree = "<group>"; };
		6417E354C36240EFBF0B4129 /* Pods.xcconfig */ = {isa = PBXFileReference; includeInIndex = 1; lastKnownFileType = text.xcconfig; name = Pods.xcconfig; path = Pods/Pods.xcconfig; sourceTree = "<group>"; };
		802C3D7354E4481C9CAFC53E /* libPods.a */ = {isa = PBXFileReference; explicitFileType = archive.ar; includeInIndex = 0; path = libPods.a; sourceTree = BUILT_PRODUCTS_DIR; };
		AC17201618B1AD3400A0274F /* PlayerDetailViewController.h */ = {isa = PBXFileReference; fileEncoding = 4; lastKnownFileType = sourcecode.c.h; path = PlayerDetailViewController.h; sourceTree = "<group>"; };
		AC17201718B1AD3400A0274F /* PlayerDetailViewController.m */ = {isa = PBXFileReference; fileEncoding = 4; lastKnownFileType = sourcecode.c.objc; path = PlayerDetailViewController.m; sourceTree = "<group>"; };
		AC17201818B1AD3400A0274F /* PlayerDetailViewController.xib */ = {isa = PBXFileReference; fileEncoding = 4; lastKnownFileType = file.xib; path = PlayerDetailViewController.xib; sourceTree = "<group>"; };
		AC17201C18B2D84B00A0274F /* Al_Baxter.png */ = {isa = PBXFileReference; lastKnownFileType = image.png; path = Al_Baxter.png; sourceTree = "<group>"; };
		AC17201D18B2D84B00A0274F /* Ben_Jacobs.png */ = {isa = PBXFileReference; lastKnownFileType = image.png; path = Ben_Jacobs.png; sourceTree = "<group>"; };
		AC17201E18B2D84B00A0274F /* Benn_Robinson.png */ = {isa = PBXFileReference; lastKnownFileType = image.png; path = Benn_Robinson.png; sourceTree = "<group>"; };
		AC17201F18B2D84B00A0274F /* Berrick_Barnes.png */ = {isa = PBXFileReference; lastKnownFileType = image.png; path = Berrick_Barnes.png; sourceTree = "<group>"; };
		AC17202018B2D84B00A0274F /* Chris_Whitaker.png */ = {isa = PBXFileReference; lastKnownFileType = image.png; path = Chris_Whitaker.png; sourceTree = "<group>"; };
		AC17202118B2D84B00A0274F /* Damien_Fitzpatrick.png */ = {isa = PBXFileReference; lastKnownFileType = image.png; path = Damien_Fitzpatrick.png; sourceTree = "<group>"; };
		AC17202218B2D84B00A0274F /* Daniel_Halangahu.png */ = {isa = PBXFileReference; lastKnownFileType = image.png; path = Daniel_Halangahu.png; sourceTree = "<group>"; };
		AC17202318B2D84B00A0274F /* Daniel_Vickerman.png */ = {isa = PBXFileReference; lastKnownFileType = image.png; path = Daniel_Vickerman.png; sourceTree = "<group>"; };
		AC17202418B2D84B00A0274F /* David_Lyons.png */ = {isa = PBXFileReference; lastKnownFileType = image.png; path = David_Lyons.png; sourceTree = "<group>"; };
		AC17202518B2D84B00A0274F /* Dean_Mumm.png */ = {isa = PBXFileReference; lastKnownFileType = image.png; path = Dean_Mumm.png; sourceTree = "<group>"; };
		AC17202618B2D84B00A0274F /* Drew_Mitchell.png */ = {isa = PBXFileReference; lastKnownFileType = image.png; path = Drew_Mitchell.png; sourceTree = "<group>"; };
		AC17202718B2D84B00A0274F /* Mat_Rogers.png */ = {isa = PBXFileReference; lastKnownFileType = image.png; path = Mat_Rogers.png; sourceTree = "<group>"; };
		AC17202818B2D84B00A0274F /* Polota_Nau.png */ = {isa = PBXFileReference; lastKnownFileType = image.png; path = Polota_Nau.png; sourceTree = "<group>"; };
		AC17202918B2D84B00A0274F /* Phil_Waugh.png */ = {isa = PBXFileReference; lastKnownFileType = image.png; path = Phil_Waugh.png; sourceTree = "<group>"; };
		AC17202A18B2D84B00A0274F /* Rocky_Elsom.png */ = {isa = PBXFileReference; lastKnownFileType = image.png; path = Rocky_Elsom.png; sourceTree = "<group>"; };
		AC17202B18B2D84B00A0274F /* Tom_Carter.png */ = {isa = PBXFileReference; lastKnownFileType = image.png; path = Tom_Carter.png; sourceTree = "<group>"; };
		AC17203C18B2DE0D00A0274F /* Model.h */ = {isa = PBXFileReference; fileEncoding = 4; lastKnownFileType = sourcecode.c.h; path = Model.h; sourceTree = "<group>"; };
		AC17203D18B2DE0D00A0274F /* Model.m */ = {isa = PBXFileReference; fileEncoding = 4; lastKnownFileType = sourcecode.c.objc; path = Model.m; sourceTree = "<group>"; };
		AC17203E18B2DE0D00A0274F /* ModelItems.h */ = {isa = PBXFileReference; fileEncoding = 4; lastKnownFileType = sourcecode.c.h; path = ModelItems.h; sourceTree = "<group>"; };
		AC17203F18B2DE0D00A0274F /* ModelItems.m */ = {isa = PBXFileReference; fileEncoding = 4; lastKnownFileType = sourcecode.c.objc; path = ModelItems.m; sourceTree = "<group>"; };
		AC17204218B2DE1500A0274F /* DataModel.h */ = {isa = PBXFileReference; fileEncoding = 4; lastKnownFileType = sourcecode.c.h; path = DataModel.h; sourceTree = "<group>"; };
		AC17204318B2DE1500A0274F /* DataModel.m */ = {isa = PBXFileReference; fileEncoding = 4; lastKnownFileType = sourcecode.c.objc; path = DataModel.m; sourceTree = "<group>"; };
		AC17204718B2DF6900A0274F /* Player.h */ = {isa = PBXFileReference; fileEncoding = 4; lastKnownFileType = sourcecode.c.h; path = Player.h; sourceTree = "<group>"; };
		AC17204818B2DF6900A0274F /* Player.m */ = {isa = PBXFileReference; fileEncoding = 4; lastKnownFileType = sourcecode.c.objc; path = Player.m; sourceTree = "<group>"; };
		AC17204A18B2DFFC00A0274F /* PlayerItems.h */ = {isa = PBXFileReference; fileEncoding = 4; lastKnownFileType = sourcecode.c.h; path = PlayerItems.h; sourceTree = "<group>"; };
		AC17204B18B2DFFC00A0274F /* PlayerItems.m */ = {isa = PBXFileReference; fileEncoding = 4; lastKnownFileType = sourcecode.c.objc; path = PlayerItems.m; sourceTree = "<group>"; };
		AC17204D18B2E6AA00A0274F /* Utilities.h */ = {isa = PBXFileReference; fileEncoding = 4; lastKnownFileType = sourcecode.c.h; path = Utilities.h; sourceTree = "<group>"; };
		AC17204E18B2E6AA00A0274F /* Utilities.m */ = {isa = PBXFileReference; fileEncoding = 4; lastKnownFileType = sourcecode.c.objc; path = Utilities.m; sourceTree = "<group>"; };
		AC17205018B3200000A0274F /* PlayerSearchCell.h */ = {isa = PBXFileReference; fileEncoding = 4; lastKnownFileType = sourcecode.c.h; path = PlayerSearchCell.h; sourceTree = "<group>"; };
		AC17205118B3200000A0274F /* PlayerSearchCell.m */ = {isa = PBXFileReference; fileEncoding = 4; lastKnownFileType = sourcecode.c.objc; path = PlayerSearchCell.m; sourceTree = "<group>"; };
		AC17205318B3202100A0274F /* PlayerSearchCell.xib */ = {isa = PBXFileReference; fileEncoding = 4; lastKnownFileType = file.xib; path = PlayerSearchCell.xib; sourceTree = "<group>"; };
		AC17205618B41C2B00A0274F /* background.png */ = {isa = PBXFileReference; lastKnownFileType = image.png; path = background.png; sourceTree = "<group>"; };
		AC17205718B41C2B00A0274F /* btn-change-risk.png */ = {isa = PBXFileReference; lastKnownFileType = image.png; path = "btn-change-risk.png"; sourceTree = "<group>"; };
		AC17205818B41C2B00A0274F /* btn-close.png */ = {isa = PBXFileReference; lastKnownFileType = image.png; path = "btn-close.png"; sourceTree = "<group>"; };
		AC17205918B41C2B00A0274F /* btn-overview.png */ = {isa = PBXFileReference; lastKnownFileType = image.png; path = "btn-overview.png"; sourceTree = "<group>"; };
		AC17205A18B41C2B00A0274F /* btn-team-stats-close.png */ = {isa = PBXFileReference; lastKnownFileType = image.png; path = "btn-team-stats-close.png"; sourceTree = "<group>"; };
		AC17205B18B41C2B00A0274F /* btn-team-stats-open.png */ = {isa = PBXFileReference; lastKnownFileType = image.png; path = "btn-team-stats-open.png"; sourceTree = "<group>"; };
		AC17205C18B41C2B00A0274F /* change-risk-bg.png */ = {isa = PBXFileReference; lastKnownFileType = image.png; path = "change-risk-bg.png"; sourceTree = "<group>"; };
		AC17205D18B41C2B00A0274F /* change-risk-indicator.png */ = {isa = PBXFileReference; lastKnownFileType = image.png; path = "change-risk-indicator.png"; sourceTree = "<group>"; };
		AC17205F18B41C2B00A0274F /* icon-triangle-down-green.png */ = {isa = PBXFileReference; lastKnownFileType = image.png; path = "icon-triangle-down-green.png"; sourceTree = "<group>"; };
		AC17206018B41C2B00A0274F /* icon-triangle-dropdown-blue.png */ = {isa = PBXFileReference; lastKnownFileType = image.png; path = "icon-triangle-dropdown-blue.png"; sourceTree = "<group>"; };
		AC17206118B41C2B00A0274F /* icon-triangle-up-red.png */ = {isa = PBXFileReference; lastKnownFileType = image.png; path = "icon-triangle-up-red.png"; sourceTree = "<group>"; };
		AC17206218B41C2B00A0274F /* icons-fit-green.png */ = {isa = PBXFileReference; lastKnownFileType = image.png; path = "icons-fit-green.png"; sourceTree = "<group>"; };
		AC17206318B41C2B00A0274F /* icons-fit-orange.png */ = {isa = PBXFileReference; lastKnownFileType = image.png; path = "icons-fit-orange.png"; sourceTree = "<group>"; };
		AC17206418B41C2B00A0274F /* icons-fit-red.png */ = {isa = PBXFileReference; lastKnownFileType = image.png; path = "icons-fit-red.png"; sourceTree = "<group>"; };
		AC17206518B41C2B00A0274F /* icons-fit.png */ = {isa = PBXFileReference; lastKnownFileType = image.png; path = "icons-fit.png"; sourceTree = "<group>"; };
		AC17206618B41C2B00A0274F /* icons-risk-green.png */ = {isa = PBXFileReference; lastKnownFileType = image.png; path = "icons-risk-green.png"; sourceTree = "<group>"; };
		AC17206718B41C2B00A0274F /* icons-risk-orange.png */ = {isa = PBXFileReference; lastKnownFileType = image.png; path = "icons-risk-orange.png"; sourceTree = "<group>"; };
		AC17206818B41C2B00A0274F /* icons-risk-red.png */ = {isa = PBXFileReference; lastKnownFileType = image.png; path = "icons-risk-red.png"; sourceTree = "<group>"; };
		AC17206918B41C2B00A0274F /* icons-risk.png */ = {isa = PBXFileReference; lastKnownFileType = image.png; path = "icons-risk.png"; sourceTree = "<group>"; };
		AC17206A18B41C2B00A0274F /* icons-well-green.png */ = {isa = PBXFileReference; lastKnownFileType = image.png; path = "icons-well-green.png"; sourceTree = "<group>"; };
		AC17206B18B41C2B00A0274F /* icons-well-orange.png */ = {isa = PBXFileReference; lastKnownFileType = image.png; path = "icons-well-orange.png"; sourceTree = "<group>"; };
		AC17206C18B41C2B00A0274F /* icons-well-red.png */ = {isa = PBXFileReference; lastKnownFileType = image.png; path = "icons-well-red.png"; sourceTree = "<group>"; };
		AC17206D18B41C2B00A0274F /* icons-well.png */ = {isa = PBXFileReference; lastKnownFileType = image.png; path = "icons-well.png"; sourceTree = "<group>"; };
		AC17206E18B41C2B00A0274F /* player-risk-box.png */ = {isa = PBXFileReference; lastKnownFileType = image.png; path = "player-risk-box.png"; sourceTree = "<group>"; };
		AC17206F18B41C2B00A0274F /* player-search-box.png */ = {isa = PBXFileReference; lastKnownFileType = image.png; path = "player-search-box.png"; sourceTree = "<group>"; };
		AC17207018B41C2B00A0274F /* stats1.png */ = {isa = PBXFileReference; lastKnownFileType = image.png; path = stats1.png; sourceTree = "<group>"; };
		AC17207118B41C2B00A0274F /* stats2.png */ = {isa = PBXFileReference; lastKnownFileType = image.png; path = stats2.png; sourceTree = "<group>"; };
		AC17207218B41C2B00A0274F /* stats3.png */ = {isa = PBXFileReference; lastKnownFileType = image.png; path = stats3.png; sourceTree = "<group>"; };
		AC17207318B41C2B00A0274F /* stats4.png */ = {isa = PBXFileReference; lastKnownFileType = image.png; path = stats4.png; sourceTree = "<group>"; };
		AC17207418B41C2B00A0274F /* stats5.png */ = {isa = PBXFileReference; lastKnownFileType = image.png; path = stats5.png; sourceTree = "<group>"; };
		AC17207518B41C2B00A0274F /* tabs-fit.png */ = {isa = PBXFileReference; lastKnownFileType = image.png; path = "tabs-fit.png"; sourceTree = "<group>"; };
		AC17207618B41C2B00A0274F /* tabs-risk.png */ = {isa = PBXFileReference; lastKnownFileType = image.png; path = "tabs-risk.png"; sourceTree = "<group>"; };
		AC17207718B41C2B00A0274F /* tabs-well.png */ = {isa = PBXFileReference; lastKnownFileType = image.png; path = "tabs-well.png"; sourceTree = "<group>"; };
		AC17209A18B46EA400A0274F /* header.png */ = {isa = PBXFileReference; lastKnownFileType = image.png; path = header.png; sourceTree = "<group>"; };
		AC17209C18B473D800A0274F /* Al_Baxter_profile.png */ = {isa = PBXFileReference; lastKnownFileType = image.png; path = Al_Baxter_profile.png; sourceTree = "<group>"; };
		AC17209D18B473D800A0274F /* Ben_Jacobs_profile.png */ = {isa = PBXFileReference; lastKnownFileType = image.png; path = Ben_Jacobs_profile.png; sourceTree = "<group>"; };
		AC17209E18B473D800A0274F /* Benn_Robinson_profile.png */ = {isa = PBXFileReference; lastKnownFileType = image.png; path = Benn_Robinson_profile.png; sourceTree = "<group>"; };
		AC17209F18B473D800A0274F /* Berrick_Barnes_profile.png */ = {isa = PBXFileReference; lastKnownFileType = image.png; path = Berrick_Barnes_profile.png; sourceTree = "<group>"; };
		AC1720A018B473D800A0274F /* Chris_Whitaker_profile.png */ = {isa = PBXFileReference; lastKnownFileType = image.png; path = Chris_Whitaker_profile.png; sourceTree = "<group>"; };
		AC1720A118B473D800A0274F /* Damien_Fitzpatrick_profile.png */ = {isa = PBXFileReference; lastKnownFileType = image.png; path = Damien_Fitzpatrick_profile.png; sourceTree = "<group>"; };
		AC1720A218B473D800A0274F /* Daniel_Halangahu_profile.png */ = {isa = PBXFileReference; lastKnownFileType = image.png; path = Daniel_Halangahu_profile.png; sourceTree = "<group>"; };
		AC1720A318B473D800A0274F /* Daniel_Vickerman_profile.png */ = {isa = PBXFileReference; lastKnownFileType = image.png; path = Daniel_Vickerman_profile.png; sourceTree = "<group>"; };
		AC1720A418B473D800A0274F /* David_Lyons_profile.png */ = {isa = PBXFileReference; lastKnownFileType = image.png; path = David_Lyons_profile.png; sourceTree = "<group>"; };
		AC1720A518B473D800A0274F /* Dean_Mumm_profile.png */ = {isa = PBXFileReference; lastKnownFileType = image.png; path = Dean_Mumm_profile.png; sourceTree = "<group>"; };
		AC1720A618B473D800A0274F /* Drew_Mitchell_profile.png */ = {isa = PBXFileReference; lastKnownFileType = image.png; path = Drew_Mitchell_profile.png; sourceTree = "<group>"; };
		AC1720A718B473D800A0274F /* Mat_Rogers_profile.png */ = {isa = PBXFileReference; lastKnownFileType = image.png; path = Mat_Rogers_profile.png; sourceTree = "<group>"; };
		AC1720A818B473D800A0274F /* Phil_Waugh_profile.png */ = {isa = PBXFileReference; lastKnownFileType = image.png; path = Phil_Waugh_profile.png; sourceTree = "<group>"; };
		AC1720A918B473D800A0274F /* Rocky_Elsom_profile.png */ = {isa = PBXFileReference; lastKnownFileType = image.png; path = Rocky_Elsom_profile.png; sourceTree = "<group>"; };
		AC1720AA18B473D800A0274F /* Tom_Carter_profile.png */ = {isa = PBXFileReference; lastKnownFileType = image.png; path = Tom_Carter_profile.png; sourceTree = "<group>"; };
		AC76770018AC6F1A00664E8C /* PlayerProfileCollectionCell.h */ = {isa = PBXFileReference; fileEncoding = 4; lastKnownFileType = sourcecode.c.h; path = PlayerProfileCollectionCell.h; sourceTree = "<group>"; };
		AC76770118AC6F1A00664E8C /* PlayerProfileCollectionCell.m */ = {isa = PBXFileReference; fileEncoding = 4; lastKnownFileType = sourcecode.c.objc; path = PlayerProfileCollectionCell.m; sourceTree = "<group>"; };
		AC76770518AC6F9400664E8C /* PlayerProfileCollectionCell.xib */ = {isa = PBXFileReference; fileEncoding = 4; lastKnownFileType = file.xib; path = PlayerProfileCollectionCell.xib; sourceTree = "<group>"; };
		AC76770718AC702900664E8C /* cafe.jpg */ = {isa = PBXFileReference; lastKnownFileType = image.jpeg; path = cafe.jpg; sourceTree = "<group>"; };
		AC76770918AC71FA00664E8C /* Player.png */ = {isa = PBXFileReference; lastKnownFileType = image.png; path = Player.png; sourceTree = "<group>"; };
		AC76770B18AC807B00664E8C /* SortButton.png */ = {isa = PBXFileReference; lastKnownFileType = image.png; path = SortButton.png; sourceTree = "<group>"; };
		AC76770D18AC808900664E8C /* FilterButton.png */ = {isa = PBXFileReference; lastKnownFileType = image.png; path = FilterButton.png; sourceTree = "<group>"; };
		AC76770F18AC856800664E8C /* PlayerData.json */ = {isa = PBXFileReference; fileEncoding = 4; lastKnownFileType = text.json; path = PlayerData.json; sourceTree = "<group>"; };
		AC76771118AC85B600664E8C /* PlayerProfile.csv */ = {isa = PBXFileReference; fileEncoding = 4; lastKnownFileType = text; path = PlayerProfile.csv; sourceTree = "<group>"; };
		AC76771318AC891E00664E8C /* PlayerProfile.json */ = {isa = PBXFileReference; fileEncoding = 4; lastKnownFileType = text.json; path = PlayerProfile.json; sourceTree = "<group>"; };
		AC76771518AD974000664E8C /* Options.plist */ = {isa = PBXFileReference; fileEncoding = 4; lastKnownFileType = text.plist.xml; path = Options.plist; sourceTree = "<group>"; };
		AC76771818ADC0AB00664E8C /* TeamStatsViewController.h */ = {isa = PBXFileReference; fileEncoding = 4; lastKnownFileType = sourcecode.c.h; path = TeamStatsViewController.h; sourceTree = "<group>"; };
		AC76771918ADC0AB00664E8C /* TeamStatsViewController.m */ = {isa = PBXFileReference; fileEncoding = 4; lastKnownFileType = sourcecode.c.objc; path = TeamStatsViewController.m; sourceTree = "<group>"; };
		AC76771A18ADC0AB00664E8C /* TeamStatsViewController.xib */ = {isa = PBXFileReference; fileEncoding = 4; lastKnownFileType = file.xib; path = TeamStatsViewController.xib; sourceTree = "<group>"; };
/* End PBXFileReference section */

/* Begin PBXFrameworksBuildPhase section */
		02E25AFF168B74B0009CA089 /* Frameworks */ = {
			isa = PBXFrameworksBuildPhase;
			buildActionMask = 2147483647;
			files = (
				026492D616D3628600992E42 /* CoreGraphics.framework in Frameworks */,
				02E25B07168B74B0009CA089 /* UIKit.framework in Frameworks */,
				02E25B09168B74B0009CA089 /* Foundation.framework in Frameworks */,
				4986E711275F49DEBC435215 /* libPods.a in Frameworks */,
			);
			runOnlyForDeploymentPostprocessing = 0;
		};
/* End PBXFrameworksBuildPhase section */

/* Begin PBXGroup section */
		02E25AF7168B74B0009CA089 = {
			isa = PBXGroup;
			children = (
				AC76771718ADB62B00664E8C /* Artifacts */,
				02E25B0C168B74B0009CA089 /* Waratahs */,
				02E25B05168B74B0009CA089 /* Frameworks */,
				02E25B03168B74B0009CA089 /* Products */,
				6417E354C36240EFBF0B4129 /* Pods.xcconfig */,
			);
			sourceTree = "<group>";
		};
		02E25B03168B74B0009CA089 /* Products */ = {
			isa = PBXGroup;
			children = (
				02E25B02168B74B0009CA089 /* Waratahs.app */,
			);
			name = Products;
			sourceTree = "<group>";
		};
		02E25B05168B74B0009CA089 /* Frameworks */ = {
			isa = PBXGroup;
			children = (
				026492D516D3628600992E42 /* CoreGraphics.framework */,
				02E25B06168B74B0009CA089 /* UIKit.framework */,
				02E25B08168B74B0009CA089 /* Foundation.framework */,
				802C3D7354E4481C9CAFC53E /* libPods.a */,
			);
			name = Frameworks;
			sourceTree = "<group>";
		};
		02E25B0C168B74B0009CA089 /* Waratahs */ = {
			isa = PBXGroup;
			children = (
				AC17204618B2DE7B00A0274F /* Utilities */,
				AC17204518B2DE6F00A0274F /* Models */,
				AC76771D18ADC0B900664E8C /* View Controllers */,
				02E25B29168B74C9009CA089 /* Custom Views */,
				02E25B15168B74B0009CA089 /* WaratahsAppDelegate.h */,
				02E25B16168B74B0009CA089 /* WaratahsAppDelegate.m */,
				02E25B0D168B74B0009CA089 /* Supporting Files */,
			);
			name = Waratahs;
			path = QuiltDemo;
			sourceTree = "<group>";
		};
		02E25B0D168B74B0009CA089 /* Supporting Files */ = {
			isa = PBXGroup;
			children = (
				02E25B0E168B74B0009CA089 /* Waratahs-Info.plist */,
				02E25B0F168B74B0009CA089 /* InfoPlist.strings */,
				02E25B12168B74B0009CA089 /* main.m */,
				02E25B14168B74B0009CA089 /* Waratahs-Prefix.pch */,
				02E25B18168B74B0009CA089 /* Default.png */,
				02E25B1A168B74B0009CA089 /* Default@2x.png */,
				02E25B1C168B74B0009CA089 /* Default-568h@2x.png */,
			);
			name = "Supporting Files";
			sourceTree = "<group>";
		};
		02E25B29168B74C9009CA089 /* Custom Views */ = {
			isa = PBXGroup;
			children = (
				0239B55A168BB0F4008B8AD6 /* RFQuiltLayout.h */,
				0239B55B168BB0F4008B8AD6 /* RFQuiltLayout.m */,
				AC76770018AC6F1A00664E8C /* PlayerProfileCollectionCell.h */,
				AC76770118AC6F1A00664E8C /* PlayerProfileCollectionCell.m */,
				AC76770518AC6F9400664E8C /* PlayerProfileCollectionCell.xib */,
				AC17205018B3200000A0274F /* PlayerSearchCell.h */,
				AC17205118B3200000A0274F /* PlayerSearchCell.m */,
				AC17205318B3202100A0274F /* PlayerSearchCell.xib */,
			);
			name = "Custom Views";
			sourceTree = "<group>";
		};
		AC17201B18B2D84B00A0274F /* players */ = {
			isa = PBXGroup;
			children = (
				AC17209C18B473D800A0274F /* Al_Baxter_profile.png */,
				AC17209D18B473D800A0274F /* Ben_Jacobs_profile.png */,
				AC17209E18B473D800A0274F /* Benn_Robinson_profile.png */,
				AC17209F18B473D800A0274F /* Berrick_Barnes_profile.png */,
				AC1720A018B473D800A0274F /* Chris_Whitaker_profile.png */,
				AC1720A118B473D800A0274F /* Damien_Fitzpatrick_profile.png */,
				AC1720A218B473D800A0274F /* Daniel_Halangahu_profile.png */,
				AC1720A318B473D800A0274F /* Daniel_Vickerman_profile.png */,
				AC1720A418B473D800A0274F /* David_Lyons_profile.png */,
				AC1720A518B473D800A0274F /* Dean_Mumm_profile.png */,
				AC1720A618B473D800A0274F /* Drew_Mitchell_profile.png */,
				AC1720A718B473D800A0274F /* Mat_Rogers_profile.png */,
				AC1720A818B473D800A0274F /* Phil_Waugh_profile.png */,
				AC1720A918B473D800A0274F /* Rocky_Elsom_profile.png */,
				AC1720AA18B473D800A0274F /* Tom_Carter_profile.png */,
				AC17201C18B2D84B00A0274F /* Al_Baxter.png */,
				AC17201D18B2D84B00A0274F /* Ben_Jacobs.png */,
				AC17201E18B2D84B00A0274F /* Benn_Robinson.png */,
				AC17201F18B2D84B00A0274F /* Berrick_Barnes.png */,
				AC17202018B2D84B00A0274F /* Chris_Whitaker.png */,
				AC17202118B2D84B00A0274F /* Damien_Fitzpatrick.png */,
				AC17202218B2D84B00A0274F /* Daniel_Halangahu.png */,
				AC17202318B2D84B00A0274F /* Daniel_Vickerman.png */,
				AC17202418B2D84B00A0274F /* David_Lyons.png */,
				AC17202518B2D84B00A0274F /* Dean_Mumm.png */,
				AC17202618B2D84B00A0274F /* Drew_Mitchell.png */,
				AC17202718B2D84B00A0274F /* Mat_Rogers.png */,
				AC17202818B2D84B00A0274F /* Polota_Nau.png */,
				AC17202918B2D84B00A0274F /* Phil_Waugh.png */,
				AC17202A18B2D84B00A0274F /* Rocky_Elsom.png */,
				AC17202B18B2D84B00A0274F /* Tom_Carter.png */,
			);
			name = players;
			path = "players 2";
			sourceTree = "<group>";
		};
		AC17204518B2DE6F00A0274F /* Models */ = {
			isa = PBXGroup;
			children = (
				AC17203C18B2DE0D00A0274F /* Model.h */,
				AC17203D18B2DE0D00A0274F /* Model.m */,
				AC17203E18B2DE0D00A0274F /* ModelItems.h */,
				AC17203F18B2DE0D00A0274F /* ModelItems.m */,
				AC17204718B2DF6900A0274F /* Player.h */,
				AC17204818B2DF6900A0274F /* Player.m */,
				AC17204A18B2DFFC00A0274F /* PlayerItems.h */,
				AC17204B18B2DFFC00A0274F /* PlayerItems.m */,
			);
			name = Models;
			sourceTree = "<group>";
		};
		AC17204618B2DE7B00A0274F /* Utilities */ = {
			isa = PBXGroup;
			children = (
				AC17204218B2DE1500A0274F /* DataModel.h */,
				AC17204318B2DE1500A0274F /* DataModel.m */,
				AC17204D18B2E6AA00A0274F /* Utilities.h */,
				AC17204E18B2E6AA00A0274F /* Utilities.m */,
			);
			name = Utilities;
			sourceTree = "<group>";
		};
		AC17205518B41C2B00A0274F /* Images */ = {
			isa = PBXGroup;
			children = (
				AC17205618B41C2B00A0274F /* background.png */,
				AC17205718B41C2B00A0274F /* btn-change-risk.png */,
				AC17205818B41C2B00A0274F /* btn-close.png */,
				AC17205918B41C2B00A0274F /* btn-overview.png */,
				AC17205A18B41C2B00A0274F /* btn-team-stats-close.png */,
				AC17205B18B41C2B00A0274F /* btn-team-stats-open.png */,
				AC17205C18B41C2B00A0274F /* change-risk-bg.png */,
				AC17205D18B41C2B00A0274F /* change-risk-indicator.png */,
				AC17205F18B41C2B00A0274F /* icon-triangle-down-green.png */,
				AC17206018B41C2B00A0274F /* icon-triangle-dropdown-blue.png */,
				AC17209A18B46EA400A0274F /* header.png */,
				AC17206118B41C2B00A0274F /* icon-triangle-up-red.png */,
				AC17206218B41C2B00A0274F /* icons-fit-green.png */,
				AC17206318B41C2B00A0274F /* icons-fit-orange.png */,
				AC17206418B41C2B00A0274F /* icons-fit-red.png */,
				AC17206518B41C2B00A0274F /* icons-fit.png */,
				AC17206618B41C2B00A0274F /* icons-risk-green.png */,
				AC17206718B41C2B00A0274F /* icons-risk-orange.png */,
				AC17206818B41C2B00A0274F /* icons-risk-red.png */,
				AC17206918B41C2B00A0274F /* icons-risk.png */,
				AC17206A18B41C2B00A0274F /* icons-well-green.png */,
				AC17206B18B41C2B00A0274F /* icons-well-orange.png */,
				AC17206C18B41C2B00A0274F /* icons-well-red.png */,
				AC17206D18B41C2B00A0274F /* icons-well.png */,
				AC17206E18B41C2B00A0274F /* player-risk-box.png */,
				AC17206F18B41C2B00A0274F /* player-search-box.png */,
				AC17207018B41C2B00A0274F /* stats1.png */,
				AC17207118B41C2B00A0274F /* stats2.png */,
				AC17207218B41C2B00A0274F /* stats3.png */,
				AC17207318B41C2B00A0274F /* stats4.png */,
				AC17207418B41C2B00A0274F /* stats5.png */,
				AC17207518B41C2B00A0274F /* tabs-fit.png */,
				AC17207618B41C2B00A0274F /* tabs-risk.png */,
				AC17207718B41C2B00A0274F /* tabs-well.png */,
			);
			name = Images;
			path = "players 2/Images";
			sourceTree = "<group>";
		};
		AC76771718ADB62B00664E8C /* Artifacts */ = {
			isa = PBXGroup;
			children = (
				AC17205518B41C2B00A0274F /* Images */,
				AC17201B18B2D84B00A0274F /* players */,
				AC76771518AD974000664E8C /* Options.plist */,
				AC76770B18AC807B00664E8C /* SortButton.png */,
				AC76771118AC85B600664E8C /* PlayerProfile.csv */,
				AC76770918AC71FA00664E8C /* Player.png */,
				AC76770718AC702900664E8C /* cafe.jpg */,
				AC76770F18AC856800664E8C /* PlayerData.json */,
				AC76771318AC891E00664E8C /* PlayerProfile.json */,
				AC76770D18AC808900664E8C /* FilterButton.png */,
			);
			name = Artifacts;
			sourceTree = "<group>";
		};
		AC76771D18ADC0B900664E8C /* View Controllers */ = {
			isa = PBXGroup;
			children = (
				02E25B1E168B74B0009CA089 /* PlayerProfileViewController.h */,
				02E25B1F168B74B0009CA089 /* PlayerProfileViewController.m */,
				02E25B21168B74B0009CA089 /* PlayerProfileViewController.xib */,
				AC76771818ADC0AB00664E8C /* TeamStatsViewController.h */,
				AC76771918ADC0AB00664E8C /* TeamStatsViewController.m */,
				AC76771A18ADC0AB00664E8C /* TeamStatsViewController.xib */,
				AC17201618B1AD3400A0274F /* PlayerDetailViewController.h */,
				AC17201718B1AD3400A0274F /* PlayerDetailViewController.m */,
				AC17201818B1AD3400A0274F /* PlayerDetailViewController.xib */,
			);
			name = "View Controllers";
			sourceTree = "<group>";
		};
/* End PBXGroup section */

/* Begin PBXNativeTarget section */
		02E25B01168B74B0009CA089 /* Waratahs */ = {
			isa = PBXNativeTarget;
			buildConfigurationList = 02E25B26168B74B0009CA089 /* Build configuration list for PBXNativeTarget "Waratahs" */;
			buildPhases = (
				1C24C6C79D0846EEBA9B7D5E /* Check Pods Manifest.lock */,
				02E25AFE168B74B0009CA089 /* Sources */,
				02E25AFF168B74B0009CA089 /* Frameworks */,
				02E25B00168B74B0009CA089 /* Resources */,
				78DC48B079A74578B8D6A9E6 /* Copy Pods Resources */,
			);
			buildRules = (
			);
			dependencies = (
			);
			name = Waratahs;
			productName = QuiltDemo;
			productReference = 02E25B02168B74B0009CA089 /* Waratahs.app */;
			productType = "com.apple.product-type.application";
		};
/* End PBXNativeTarget section */

/* Begin PBXProject section */
		02E25AF9168B74B0009CA089 /* Project object */ = {
			isa = PBXProject;
			attributes = {
				CLASSPREFIX = RF;
				LastUpgradeCheck = 0450;
				ORGANIZATIONNAME = "Bryce Redd";
			};
			buildConfigurationList = 02E25AFC168B74B0009CA089 /* Build configuration list for PBXProject "Waratahs" */;
			compatibilityVersion = "Xcode 3.2";
			developmentRegion = English;
			hasScannedForEncodings = 0;
			knownRegions = (
				en,
			);
			mainGroup = 02E25AF7168B74B0009CA089;
			productRefGroup = 02E25B03168B74B0009CA089 /* Products */;
			projectDirPath = "";
			projectRoot = "";
			targets = (
				02E25B01168B74B0009CA089 /* Waratahs */,
			);
		};
/* End PBXProject section */

/* Begin PBXResourcesBuildPhase section */
		02E25B00168B74B0009CA089 /* Resources */ = {
			isa = PBXResourcesBuildPhase;
			buildActionMask = 2147483647;
			files = (
				AC17208418B41C2B00A0274F /* icons-fit-green.png in Resources */,
				AC76770618AC6F9400664E8C /* PlayerProfileCollectionCell.xib in Resources */,
				AC17207F18B41C2B00A0274F /* change-risk-indicator.png in Resources */,
				AC1720AE18B473D800A0274F /* Berrick_Barnes_profile.png in Resources */,
				AC17207918B41C2B00A0274F /* btn-change-risk.png in Resources */,
				AC17203718B2D84B00A0274F /* Mat_Rogers.png in Resources */,
				AC1720B318B473D800A0274F /* David_Lyons_profile.png in Resources */,
				AC17209318B41C2B00A0274F /* stats2.png in Resources */,
				AC76770818AC702900664E8C /* cafe.jpg in Resources */,
				AC17207C18B41C2B00A0274F /* btn-team-stats-close.png in Resources */,
				AC17209018B41C2B00A0274F /* player-risk-box.png in Resources */,
				AC17203018B2D84B00A0274F /* Chris_Whitaker.png in Resources */,
				AC17209218B41C2B00A0274F /* stats1.png in Resources */,
				AC1720B418B473D800A0274F /* Dean_Mumm_profile.png in Resources */,
				AC17203818B2D84B00A0274F /* Polota_Nau.png in Resources */,
				AC1720AD18B473D800A0274F /* Benn_Robinson_profile.png in Resources */,
				AC17209718B41C2B00A0274F /* tabs-fit.png in Resources */,
				AC17209918B41C2B00A0274F /* tabs-well.png in Resources */,
				AC17208B18B41C2B00A0274F /* icons-risk.png in Resources */,
				AC17208E18B41C2B00A0274F /* icons-well-red.png in Resources */,
				AC17203A18B2D84B00A0274F /* Rocky_Elsom.png in Resources */,
				AC17208118B41C2B00A0274F /* icon-triangle-down-green.png in Resources */,
				AC17207A18B41C2B00A0274F /* btn-close.png in Resources */,
				AC17203618B2D84B00A0274F /* Drew_Mitchell.png in Resources */,
				AC76770A18AC71FA00664E8C /* Player.png in Resources */,
				AC17209818B41C2B00A0274F /* tabs-risk.png in Resources */,
				AC1720B118B473D800A0274F /* Daniel_Halangahu_profile.png in Resources */,
				02E25B11168B74B0009CA089 /* InfoPlist.strings in Resources */,
				AC17208818B41C2B00A0274F /* icons-risk-green.png in Resources */,
				AC17208918B41C2B00A0274F /* icons-risk-orange.png in Resources */,
				AC17207D18B41C2B00A0274F /* btn-team-stats-open.png in Resources */,
				AC1720B518B473D800A0274F /* Drew_Mitchell_profile.png in Resources */,
				AC17209118B41C2B00A0274F /* player-search-box.png in Resources */,
				AC17208D18B41C2B00A0274F /* icons-well-orange.png in Resources */,
				AC17209418B41C2B00A0274F /* stats3.png in Resources */,
				AC76771C18ADC0AB00664E8C /* TeamStatsViewController.xib in Resources */,
				AC17205418B3202100A0274F /* PlayerSearchCell.xib in Resources */,
				AC1720B218B473D800A0274F /* Daniel_Vickerman_profile.png in Resources */,
				AC17207E18B41C2B00A0274F /* change-risk-bg.png in Resources */,
				02E25B19168B74B0009CA089 /* Default.png in Resources */,
				AC17203918B2D84B00A0274F /* Phil_Waugh.png in Resources */,
				AC1720B818B473D800A0274F /* Rocky_Elsom_profile.png in Resources */,
				AC17202C18B2D84B00A0274F /* Al_Baxter.png in Resources */,
				02E25B1B168B74B0009CA089 /* Default@2x.png in Resources */,
				AC17209618B41C2B00A0274F /* stats5.png in Resources */,
				AC17203218B2D84B00A0274F /* Daniel_Halangahu.png in Resources */,
				AC17208618B41C2B00A0274F /* icons-fit-red.png in Resources */,
				AC1720AC18B473D800A0274F /* Ben_Jacobs_profile.png in Resources */,
				AC17209B18B46EA400A0274F /* header.png in Resources */,
				AC17208F18B41C2B00A0274F /* icons-well.png in Resources */,
				AC1720AF18B473D800A0274F /* Chris_Whitaker_profile.png in Resources */,
				AC17208A18B41C2B00A0274F /* icons-risk-red.png in Resources */,
				AC17207B18B41C2B00A0274F /* btn-overview.png in Resources */,
				AC76771018AC856800664E8C /* PlayerData.json in Resources */,
				AC17209518B41C2B00A0274F /* stats4.png in Resources */,
				02E25B1D168B74B0009CA089 /* Default-568h@2x.png in Resources */,
				AC17208318B41C2B00A0274F /* icon-triangle-up-red.png in Resources */,
				AC17203318B2D84B00A0274F /* Daniel_Vickerman.png in Resources */,
				AC17207818B41C2B00A0274F /* background.png in Resources */,
				AC17203B18B2D84B00A0274F /* Tom_Carter.png in Resources */,
				AC1720B018B473D800A0274F /* Damien_Fitzpatrick_profile.png in Resources */,
				AC76770E18AC808900664E8C /* FilterButton.png in Resources */,
				AC17203518B2D84B00A0274F /* Dean_Mumm.png in Resources */,
				AC76771218AC85B600664E8C /* PlayerProfile.csv in Resources */,
				AC17208C18B41C2B00A0274F /* icons-well-green.png in Resources */,
				AC17202E18B2D84B00A0274F /* Benn_Robinson.png in Resources */,
				AC1720B718B473D800A0274F /* Phil_Waugh_profile.png in Resources */,
				AC17203118B2D84B00A0274F /* Damien_Fitzpatrick.png in Resources */,
				AC17208718B41C2B00A0274F /* icons-fit.png in Resources */,
				02E25B23168B74B0009CA089 /* PlayerProfileViewController.xib in Resources */,
				AC17203418B2D84B00A0274F /* David_Lyons.png in Resources */,
				AC17208518B41C2B00A0274F /* icons-fit-orange.png in Resources */,
				AC1720B618B473D800A0274F /* Mat_Rogers_profile.png in Resources */,
				AC17208218B41C2B00A0274F /* icon-triangle-dropdown-blue.png in Resources */,
				AC76771618AD974000664E8C /* Options.plist in Resources */,
				AC1720AB18B473D800A0274F /* Al_Baxter_profile.png in Resources */,
				AC76771418AC891E00664E8C /* PlayerProfile.json in Resources */,
				AC17201A18B1AD3400A0274F /* PlayerDetailViewController.xib in Resources */,
				AC17202D18B2D84B00A0274F /* Ben_Jacobs.png in Resources */,
				AC1720B918B473D800A0274F /* Tom_Carter_profile.png in Resources */,
				AC17202F18B2D84B00A0274F /* Berrick_Barnes.png in Resources */,
				AC76770C18AC807B00664E8C /* SortButton.png in Resources */,
			);
			runOnlyForDeploymentPostprocessing = 0;
		};
/* End PBXResourcesBuildPhase section */

/* Begin PBXShellScriptBuildPhase section */
		1C24C6C79D0846EEBA9B7D5E /* Check Pods Manifest.lock */ = {
			isa = PBXShellScriptBuildPhase;
			buildActionMask = 2147483647;
			files = (
			);
			inputPaths = (
			);
			name = "Check Pods Manifest.lock";
			outputPaths = (
			);
			runOnlyForDeploymentPostprocessing = 0;
			shellPath = /bin/sh;
			shellScript = "diff \"${PODS_ROOT}/../Podfile.lock\" \"${PODS_ROOT}/Manifest.lock\" > /dev/null\nif [[ $? != 0 ]] ; then\n    cat << EOM\nerror: The sandbox is not in sync with the Podfile.lock. Run 'pod install' or update your CocoaPods installation.\nEOM\n    exit 1\nfi\n";
			showEnvVarsInLog = 0;
		};
		78DC48B079A74578B8D6A9E6 /* Copy Pods Resources */ = {
			isa = PBXShellScriptBuildPhase;
			buildActionMask = 2147483647;
			files = (
			);
			inputPaths = (
			);
			name = "Copy Pods Resources";
			outputPaths = (
			);
			runOnlyForDeploymentPostprocessing = 0;
			shellPath = /bin/sh;
			shellScript = "\"${SRCROOT}/Pods/Pods-resources.sh\"\n";
			showEnvVarsInLog = 0;
		};
/* End PBXShellScriptBuildPhase section */

/* Begin PBXSourcesBuildPhase section */
		02E25AFE168B74B0009CA089 /* Sources */ = {
			isa = PBXSourcesBuildPhase;
			buildActionMask = 2147483647;
			files = (
				02E25B13168B74B0009CA089 /* main.m in Sources */,
				AC17204418B2DE1500A0274F /* DataModel.m in Sources */,
				AC17205218B3200000A0274F /* PlayerSearchCell.m in Sources */,
				02E25B17168B74B0009CA089 /* WaratahsAppDelegate.m in Sources */,
				AC17204C18B2DFFC00A0274F /* PlayerItems.m in Sources */,
				AC76770218AC6F1A00664E8C /* PlayerProfileCollectionCell.m in Sources */,
				AC17204018B2DE0D00A0274F /* Model.m in Sources */,
				AC17201918B1AD3400A0274F /* PlayerDetailViewController.m in Sources */,
				AC17204918B2DF6900A0274F /* Player.m in Sources */,
				02E25B20168B74B0009CA089 /* PlayerProfileViewController.m in Sources */,
				AC17204118B2DE0D00A0274F /* ModelItems.m in Sources */,
				0239B55C168BB0F4008B8AD6 /* RFQuiltLayout.m in Sources */,
				AC17204F18B2E6AA00A0274F /* Utilities.m in Sources */,
				AC76771B18ADC0AB00664E8C /* TeamStatsViewController.m in Sources */,
			);
			runOnlyForDeploymentPostprocessing = 0;
		};
/* End PBXSourcesBuildPhase section */

/* Begin PBXVariantGroup section */
		02E25B0F168B74B0009CA089 /* InfoPlist.strings */ = {
			isa = PBXVariantGroup;
			children = (
				02E25B10168B74B0009CA089 /* en */,
			);
			name = InfoPlist.strings;
			sourceTree = "<group>";
		};
		02E25B21168B74B0009CA089 /* PlayerProfileViewController.xib */ = {
			isa = PBXVariantGroup;
			children = (
				02E25B22168B74B0009CA089 /* en */,
			);
			name = PlayerProfileViewController.xib;
			sourceTree = "<group>";
		};
/* End PBXVariantGroup section */

/* Begin XCBuildConfiguration section */
		02E25B24168B74B0009CA089 /* Debug */ = {
			isa = XCBuildConfiguration;
			buildSettings = {
				ALWAYS_SEARCH_USER_PATHS = NO;
				CLANG_CXX_LANGUAGE_STANDARD = "gnu++0x";
				CLANG_CXX_LIBRARY = "libc++";
				CLANG_ENABLE_OBJC_ARC = YES;
				CLANG_WARN_EMPTY_BODY = YES;
				CLANG_WARN__DUPLICATE_METHOD_MATCH = YES;
				"CODE_SIGN_IDENTITY[sdk=iphoneos*]" = "iPhone Developer";
				COPY_PHASE_STRIP = NO;
				GCC_C_LANGUAGE_STANDARD = gnu99;
				GCC_DYNAMIC_NO_PIC = NO;
				GCC_OPTIMIZATION_LEVEL = 0;
				GCC_PREPROCESSOR_DEFINITIONS = (
					"DEBUG=1",
					"$(inherited)",
				);
				GCC_SYMBOLS_PRIVATE_EXTERN = NO;
				GCC_WARN_ABOUT_RETURN_TYPE = YES;
				GCC_WARN_UNINITIALIZED_AUTOS = YES;
				GCC_WARN_UNUSED_VARIABLE = YES;
				IPHONEOS_DEPLOYMENT_TARGET = 6.0;
				ONLY_ACTIVE_ARCH = YES;
				SDKROOT = iphoneos;
			};
			name = Debug;
		};
		02E25B25168B74B0009CA089 /* Release */ = {
			isa = XCBuildConfiguration;
			buildSettings = {
				ALWAYS_SEARCH_USER_PATHS = NO;
				CLANG_CXX_LANGUAGE_STANDARD = "gnu++0x";
				CLANG_CXX_LIBRARY = "libc++";
				CLANG_ENABLE_OBJC_ARC = YES;
				CLANG_WARN_EMPTY_BODY = YES;
				CLANG_WARN__DUPLICATE_METHOD_MATCH = YES;
				"CODE_SIGN_IDENTITY[sdk=iphoneos*]" = "iPhone Developer";
				COPY_PHASE_STRIP = YES;
				GCC_C_LANGUAGE_STANDARD = gnu99;
				GCC_WARN_ABOUT_RETURN_TYPE = YES;
				GCC_WARN_UNINITIALIZED_AUTOS = YES;
				GCC_WARN_UNUSED_VARIABLE = YES;
				IPHONEOS_DEPLOYMENT_TARGET = 6.0;
				OTHER_CFLAGS = "-DNS_BLOCK_ASSERTIONS=1";
				SDKROOT = iphoneos;
				VALIDATE_PRODUCT = YES;
			};
			name = Release;
		};
		02E25B27168B74B0009CA089 /* Debug */ = {
			isa = XCBuildConfiguration;
			baseConfigurationReference = 6417E354C36240EFBF0B4129 /* Pods.xcconfig */;
			buildSettings = {
				GCC_PRECOMPILE_PREFIX_HEADER = YES;
				GCC_PREFIX_HEADER = "QuiltDemo/Waratahs-Prefix.pch";
				INFOPLIST_FILE = "QuiltDemo/Waratahs-Info.plist";
				IPHONEOS_DEPLOYMENT_TARGET = 7.0;
				PRODUCT_NAME = Waratahs;
				TARGETED_DEVICE_FAMILY = 2;
				WRAPPER_EXTENSION = app;
			};
			name = Debug;
		};
		02E25B28168B74B0009CA089 /* Release */ = {
			isa = XCBuildConfiguration;
			baseConfigurationReference = 6417E354C36240EFBF0B4129 /* Pods.xcconfig */;
			buildSettings = {
				GCC_PRECOMPILE_PREFIX_HEADER = YES;
				GCC_PREFIX_HEADER = "QuiltDemo/Waratahs-Prefix.pch";
				INFOPLIST_FILE = "QuiltDemo/Waratahs-Info.plist";
				IPHONEOS_DEPLOYMENT_TARGET = 7.0;
				PRODUCT_NAME = Waratahs;
				TARGETED_DEVICE_FAMILY = 2;
				WRAPPER_EXTENSION = app;
			};
			name = Release;
		};
/* End XCBuildConfiguration section */

/* Begin XCConfigurationList section */
		02E25AFC168B74B0009CA089 /* Build configuration list for PBXProject "Waratahs" */ = {
			isa = XCConfigurationList;
			buildConfigurations = (
				02E25B24168B74B0009CA089 /* Debug */,
				02E25B25168B74B0009CA089 /* Release */,
			);
			defaultConfigurationIsVisible = 0;
			defaultConfigurationName = Release;
		};
		02E25B26168B74B0009CA089 /* Build configuration list for PBXNativeTarget "Waratahs" */ = {
			isa = XCConfigurationList;
			buildConfigurations = (
				02E25B27168B74B0009CA089 /* Debug */,
				02E25B28168B74B0009CA089 /* Release */,
			);
			defaultConfigurationIsVisible = 0;
			defaultConfigurationName = Release;
		};
/* End XCConfigurationList section */
	};
	rootObject = 02E25AF9168B74B0009CA089 /* Project object */;
}
